{
  "version": 4,
  "terraform_version": "1.7.5",
  "serial": 114,
  "lineage": "51590068-84eb-5fd0-2d72-b9cc8872934c",
  "outputs": {
    "agent_artifacts_bucket": {
      "value": "dev-security-agent-artifacts-650080740856",
      "type": "string"
    },
    "aurora_secret_arn": {
      "value": "arn:aws:secretsmanager:us-east-1:650080740856:secret:dev-aurora-credentials-bcAZk5",
      "type": "string"
    },
    "aws_region": {
      "value": "us-east-1",
      "type": "string"
    },
    "opensearch_collection_endpoint": {
      "value": "https://hu22wmd1vmdqe7er61va.us-east-1.aoss.amazonaws.com",
      "type": "string"
    },
    "pentester_instance_id": {
      "value": "i-0eddf895e58bb96f9",
      "type": "string"
    },
    "pentester_private_ip": {
      "value": "10.0.0.37",
      "type": "string"
    },
    "pentester_public_ip": {
      "value": "54.157.121.63",
      "type": "string"
    },
    "pentester_sqs_queue_url": {
      "value": "https://sqs.us-east-1.amazonaws.com/650080740856/dev-pentester-scan-jobs",
      "type": "string"
    },
    "pentester_ssm_command": {
      "value": "aws ssm start-session --target i-0eddf895e58bb96f9 --region us-east-1",
      "type": "string"
    },
    "run_workflow_api_endpoint": {
      "value": "https://aitthcp5o5.execute-api.us-east-1.amazonaws.com",
      "type": "string"
    },
    "step_functions_arn": {
      "value": "arn:aws:states:us-east-1:650080740856:stateMachine:dev-run-workflow",
      "type": "string"
    },
    "websocket_api_endpoint": {
      "value": "wss://3fmmus9w1m.execute-api.us-east-1.amazonaws.com",
      "type": "string"
    }
  },
  "resources": [
    {
      "mode": "data",
      "type": "aws_ami",
      "name": "amazon_linux_2023",
      "provider": "provider[\"registry.terraform.io/hashicorp/aws\"]",
      "instances": [
        {
          "schema_version": 0,
          "attributes": {
            "architecture": "x86_64",
            "arn": "arn:aws:ec2:us-east-1::image/ami-0ee72650e64503637",
            "block_device_mappings": [
              {
                "device_name": "/dev/xvda",
                "ebs": {
                  "delete_on_termination": "true",
                  "encrypted": "false",
                  "iops": "3000",
                  "snapshot_id": "snap-00d127d9cd9ef097b",
                  "throughput": "125",
                  "volume_initialization_rate": "0",
                  "volume_size": "2",
                  "volume_type": "gp3"
                },
                "no_device": "",
                "virtual_name": ""
              }
            ],
            "boot_mode": "uefi-preferred",
            "creation_date": "2026-03-03T18:11:54.000Z",
            "deprecation_time": "2026-06-01T23:47:00.000Z",
            "description": "Amazon Linux 2023 AMI 2023.10.20260302.1 x86_64 Minimal HVM kernel-6.18",
            "ena_support": true,
            "executable_users": null,
            "filter": [
              {
                "name": "name",
                "values": [
                  "al2023-ami-*-x86_64"
                ]
              },
              {
                "name": "virtualization-type",
                "values": [
                  "hvm"
                ]
              }
            ],
            "hypervisor": "xen",
            "id": "ami-0ee72650e64503637",
            "image_id": "ami-0ee72650e64503637",
            "image_location": "amazon/al2023-ami-minimal-2023.10.20260302.1-kernel-6.18-x86_64",
            "image_owner_alias": "amazon",
            "image_type": "machine",
            "imds_support": "v2.0",
            "include_deprecated": false,
            "kernel_id": "",
            "last_launched_time": "",
            "most_recent": true,
            "name": "al2023-ami-minimal-2023.10.20260302.1-kernel-6.18-x86_64",
            "name_regex": null,
            "owner_id": "137112412989",
            "owners": [
              "amazon"
            ],
            "platform": "",
            "platform_details": "Linux/UNIX",
            "product_codes": [],
            "public": true,
            "ramdisk_id": "",
            "root_device_name": "/dev/xvda",
            "root_device_type": "ebs",
            "root_snapshot_id": "snap-00d127d9cd9ef097b",
            "sriov_net_support": "simple",
            "state": "available",
            "state_reason": {
              "code": "UNSET",
              "message": "UNSET"
            },
            "tags": {},
            "timeouts": null,
            "tpm_support": "",
            "uefi_data": null,
            "usage_operation": "RunInstances",
            "virtualization_type": "hvm"
          },
          "sensitive_attributes": []
        }
      ]
    },
    {
      "mode": "data",
      "type": "aws_caller_identity",
      "name": "current",
      "provider": "provider[\"registry.terraform.io/hashicorp/aws\"]",
      "instances": [
        {
          "schema_version": 0,
          "attributes": {
            "account_id": "650080740856",
            "arn": "arn:aws:iam::650080740856:user/iam-acces-user-deploy",
            "id": "650080740856",
            "user_id": "AIDAZOW6U4X4C4EO7MWFE"
          },
          "sensitive_attributes": []
        }
      ]
    },
    {
      "mode": "data",
      "type": "aws_s3_bucket",
      "name": "documents",
      "provider": "provider[\"registry.terraform.io/hashicorp/aws\"]",
      "instances": [
        {
          "schema_version": 0,
          "attributes": {
            "arn": "arn:aws:s3:::vulniq-bucket-dev",
            "bucket": "vulniq-bucket-dev",
            "bucket_domain_name": "vulniq-bucket-dev.s3.amazonaws.com",
            "bucket_regional_domain_name": "vulniq-bucket-dev.s3.us-east-1.amazonaws.com",
            "hosted_zone_id": "Z3AQBSTGFYJSTF",
            "id": "vulniq-bucket-dev",
            "region": "us-east-1",
            "website_domain": null,
            "website_endpoint": null
          },
          "sensitive_attributes": []
        }
      ]
    },
    {
      "mode": "managed",
      "type": "aws_apigatewayv2_api",
      "name": "orchestrator",
      "provider": "provider[\"registry.terraform.io/hashicorp/aws\"]",
      "instances": [
        {
          "schema_version": 0,
          "attributes": {
            "api_endpoint": "https://aitthcp5o5.execute-api.us-east-1.amazonaws.com",
            "api_key_selection_expression": "$request.header.x-api-key",
            "arn": "arn:aws:apigateway:us-east-1::/apis/aitthcp5o5",
            "body": null,
            "cors_configuration": [
              {
                "allow_credentials": false,
                "allow_headers": [
                  "authorization",
                  "content-type"
                ],
                "allow_methods": [
                  "GET",
                  "OPTIONS",
                  "POST"
                ],
                "allow_origins": [
                  "*"
                ],
                "expose_headers": [],
                "max_age": 300
              }
            ],
            "credentials_arn": null,
            "description": "",
            "disable_execute_api_endpoint": false,
            "execution_arn": "arn:aws:execute-api:us-east-1:650080740856:aitthcp5o5",
            "fail_on_warnings": null,
            "id": "aitthcp5o5",
            "ip_address_type": "ipv4",
            "name": "dev-security-orchestrator",
            "protocol_type": "HTTP",
            "route_key": null,
            "route_selection_expression": "$request.method $request.path",
            "tags": {
              "Name": "dev-orchestrator-api"
            },
            "tags_all": {
              "Environment": "dev",
              "ManagedBy": "Terraform",
              "Name": "dev-orchestrator-api",
              "Project": "SecurityOrchestrator"
            },
            "target": null,
            "version": ""
          },
          "sensitive_attributes": [],
          "private": "bnVsbA=="
        }
      ]
    },
    {
      "mode": "managed",
      "type": "aws_apigatewayv2_api",
      "name": "websocket",
      "provider": "provider[\"registry.terraform.io/hashicorp/aws\"]",
      "instances": [
        {
          "schema_version": 0,
          "attributes": {
            "api_endpoint": "wss://3fmmus9w1m.execute-api.us-east-1.amazonaws.com",
            "api_key_selection_expression": "$request.header.x-api-key",
            "arn": "arn:aws:apigateway:us-east-1::/apis/3fmmus9w1m",
            "body": null,
            "cors_configuration": [],
            "credentials_arn": null,
            "description": "",
            "disable_execute_api_endpoint": false,
            "execution_arn": "arn:aws:execute-api:us-east-1:650080740856:3fmmus9w1m",
            "fail_on_warnings": null,
            "id": "3fmmus9w1m",
            "ip_address_type": "ipv4",
            "name": "dev-security-websocket",
            "protocol_type": "WEBSOCKET",
            "route_key": null,
            "route_selection_expression": "$request.body.action",
            "tags": {
              "Name": "dev-websocket-api"
            },
            "tags_all": {
              "Environment": "dev",
              "ManagedBy": "Terraform",
              "Name": "dev-websocket-api",
              "Project": "SecurityOrchestrator"
            },
            "target": null,
            "version": ""
          },
          "sensitive_attributes": [],
          "private": "bnVsbA=="
        }
      ]
    },
    {
      "mode": "managed",
      "type": "aws_apigatewayv2_integration",
      "name": "connect",
      "provider": "provider[\"registry.terraform.io/hashicorp/aws\"]",
      "instances": [
        {
          "schema_version": 0,
          "attributes": {
            "api_id": "3fmmus9w1m",
            "connection_id": "",
            "connection_type": "INTERNET",
            "content_handling_strategy": "",
            "credentials_arn": "",
            "description": "",
            "id": "sekr3sf",
            "integration_method": "POST",
            "integration_response_selection_expression": "",
            "integration_subtype": "",
            "integration_type": "AWS_PROXY",
            "integration_uri": "arn:aws:apigateway:us-east-1:lambda:path/2015-03-31/functions/arn:aws:lambda:us-east-1:650080740856:function:dev-websocket-connect/invocations",
            "passthrough_behavior": "WHEN_NO_MATCH",
            "payload_format_version": "1.0",
            "request_parameters": {},
            "request_templates": {},
            "response_parameters": [],
            "template_selection_expression": "",
            "timeout_milliseconds": 29000,
            "tls_config": []
          },
          "sensitive_attributes": [],
          "private": "bnVsbA==",
          "dependencies": [
            "aws_apigatewayv2_api.websocket",
            "aws_dynamodb_table.websocket_connections",
            "aws_iam_role.agent_lambda",
            "aws_lambda_function.websocket_connect"
          ]
        }
      ]
    },
    {
      "mode": "managed",
      "type": "aws_apigatewayv2_integration",
      "name": "disconnect",
      "provider": "provider[\"registry.terraform.io/hashicorp/aws\"]",
      "instances": [
        {
          "schema_version": 0,
          "attributes": {
            "api_id": "3fmmus9w1m",
            "connection_id": "",
            "connection_type": "INTERNET",
            "content_handling_strategy": "",
            "credentials_arn": "",
            "description": "",
            "id": "n805mjr",
            "integration_method": "POST",
            "integration_response_selection_expression": "",
            "integration_subtype": "",
            "integration_type": "AWS_PROXY",
            "integration_uri": "arn:aws:apigateway:us-east-1:lambda:path/2015-03-31/functions/arn:aws:lambda:us-east-1:650080740856:function:dev-websocket-disconnect/invocations",
            "passthrough_behavior": "WHEN_NO_MATCH",
            "payload_format_version": "1.0",
            "request_parameters": {},
            "request_templates": {},
            "response_parameters": [],
            "template_selection_expression": "",
            "timeout_milliseconds": 29000,
            "tls_config": []
          },
          "sensitive_attributes": [],
          "private": "bnVsbA==",
          "dependencies": [
            "aws_apigatewayv2_api.websocket",
            "aws_dynamodb_table.websocket_connections",
            "aws_iam_role.agent_lambda",
            "aws_lambda_function.websocket_disconnect"
          ]
        }
      ]
    },
    {
      "mode": "managed",
      "type": "aws_apigatewayv2_integration",
      "name": "message",
      "provider": "provider[\"registry.terraform.io/hashicorp/aws\"]",
      "instances": [
        {
          "schema_version": 0,
          "attributes": {
            "api_id": "3fmmus9w1m",
            "connection_id": "",
            "connection_type": "INTERNET",
            "content_handling_strategy": "",
            "credentials_arn": "",
            "description": "",
            "id": "hec2kuh",
            "integration_method": "POST",
            "integration_response_selection_expression": "",
            "integration_subtype": "",
            "integration_type": "AWS_PROXY",
            "integration_uri": "arn:aws:apigateway:us-east-1:lambda:path/2015-03-31/functions/arn:aws:lambda:us-east-1:650080740856:function:dev-websocket-message/invocations",
            "passthrough_behavior": "WHEN_NO_MATCH",
            "payload_format_version": "1.0",
            "request_parameters": {},
            "request_templates": {},
            "response_parameters": [],
            "template_selection_expression": "",
            "timeout_milliseconds": 29000,
            "tls_config": []
          },
          "sensitive_attributes": [],
          "private": "bnVsbA==",
          "dependencies": [
            "aws_apigatewayv2_api.websocket",
            "aws_dynamodb_table.runs",
            "aws_dynamodb_table.websocket_connections",
            "aws_iam_role.agent_lambda",
            "aws_lambda_function.websocket_message"
          ]
        }
      ]
    },
    {
      "mode": "managed",
      "type": "aws_apigatewayv2_route",
      "name": "connect",
      "provider": "provider[\"registry.terraform.io/hashicorp/aws\"]",
      "instances": [
        {
          "schema_version": 0,
          "attributes": {
            "api_id": "3fmmus9w1m",
            "api_key_required": false,
            "authorization_scopes": [],
            "authorization_type": "NONE",
            "authorizer_id": "",
            "id": "u0yrkui",
            "model_selection_expression": "",
            "operation_name": "",
            "request_models": {},
            "request_parameter": [],
            "route_key": "$connect",
            "route_response_selection_expression": "",
            "target": "integrations/sekr3sf"
          },
          "sensitive_attributes": [],
          "private": "bnVsbA==",
          "dependencies": [
            "aws_apigatewayv2_api.websocket",
            "aws_apigatewayv2_integration.connect",
            "aws_dynamodb_table.websocket_connections",
            "aws_iam_role.agent_lambda",
            "aws_lambda_function.websocket_connect"
          ]
        }
      ]
    },
    {
      "mode": "managed",
      "type": "aws_apigatewayv2_route",
      "name": "default",
      "provider": "provider[\"registry.terraform.io/hashicorp/aws\"]",
      "instances": [
        {
          "schema_version": 0,
          "attributes": {
            "api_id": "3fmmus9w1m",
            "api_key_required": false,
            "authorization_scopes": [],
            "authorization_type": "NONE",
            "authorizer_id": "",
            "id": "02v2bjm",
            "model_selection_expression": "",
            "operation_name": "",
            "request_models": {},
            "request_parameter": [],
            "route_key": "$default",
            "route_response_selection_expression": "",
            "target": "integrations/hec2kuh"
          },
          "sensitive_attributes": [],
          "private": "bnVsbA==",
          "dependencies": [
            "aws_apigatewayv2_api.websocket",
            "aws_apigatewayv2_integration.message",
            "aws_dynamodb_table.runs",
            "aws_dynamodb_table.websocket_connections",
            "aws_iam_role.agent_lambda",
            "aws_lambda_function.websocket_message"
          ]
        }
      ]
    },
    {
      "mode": "managed",
      "type": "aws_apigatewayv2_route",
      "name": "disconnect",
      "provider": "provider[\"registry.terraform.io/hashicorp/aws\"]",
      "instances": [
        {
          "schema_version": 0,
          "attributes": {
            "api_id": "3fmmus9w1m",
            "api_key_required": false,
            "authorization_scopes": [],
            "authorization_type": "NONE",
            "authorizer_id": "",
            "id": "hg52qj8",
            "model_selection_expression": "",
            "operation_name": "",
            "request_models": {},
            "request_parameter": [],
            "route_key": "$disconnect",
            "route_response_selection_expression": "",
            "target": "integrations/n805mjr"
          },
          "sensitive_attributes": [],
          "private": "bnVsbA==",
          "dependencies": [
            "aws_apigatewayv2_api.websocket",
            "aws_apigatewayv2_integration.disconnect",
            "aws_dynamodb_table.websocket_connections",
            "aws_iam_role.agent_lambda",
            "aws_lambda_function.websocket_disconnect"
          ]
        }
      ]
    },
    {
      "mode": "managed",
      "type": "aws_apigatewayv2_stage",
      "name": "orchestrator",
      "provider": "provider[\"registry.terraform.io/hashicorp/aws\"]",
      "instances": [
        {
          "schema_version": 0,
          "attributes": {
            "access_log_settings": [
              {
                "destination_arn": "arn:aws:logs:us-east-1:650080740856:log-group:/aws/apigateway/dev-orchestrator",
                "format": "{\"httpMethod\":\"$context.httpMethod\",\"ip\":\"$context.identity.sourceIp\",\"protocol\":\"$context.protocol\",\"requestId\":\"$context.requestId\",\"requestTime\":\"$context.requestTime\",\"responseLength\":\"$context.responseLength\",\"routeKey\":\"$context.routeKey\",\"status\":\"$context.status\"}"
              }
            ],
            "api_id": "aitthcp5o5",
            "arn": "arn:aws:apigateway:us-east-1::/apis/aitthcp5o5/stages/dev",
            "auto_deploy": true,
            "client_certificate_id": "",
            "default_route_settings": [
              {
                "data_trace_enabled": false,
                "detailed_metrics_enabled": false,
                "logging_level": "",
                "throttling_burst_limit": 0,
                "throttling_rate_limit": 0
              }
            ],
            "deployment_id": "",
            "description": "",
            "execution_arn": "arn:aws:execute-api:us-east-1:650080740856:aitthcp5o5/dev",
            "id": "dev",
            "invoke_url": "https://aitthcp5o5.execute-api.us-east-1.amazonaws.com/dev",
            "name": "dev",
            "route_settings": [],
            "stage_variables": {},
            "tags": {
              "Name": "dev-orchestrator-stage"
            },
            "tags_all": {
              "Environment": "dev",
              "ManagedBy": "Terraform",
              "Name": "dev-orchestrator-stage",
              "Project": "SecurityOrchestrator"
            }
          },
          "sensitive_attributes": [],
          "private": "bnVsbA==",
          "dependencies": [
            "aws_apigatewayv2_api.orchestrator",
            "aws_cloudwatch_log_group.api_gateway"
          ]
        }
      ]
    },
    {
      "mode": "managed",
      "type": "aws_apigatewayv2_stage",
      "name": "websocket",
      "provider": "provider[\"registry.terraform.io/hashicorp/aws\"]",
      "instances": [
        {
          "schema_version": 0,
          "attributes": {
            "access_log_settings": [],
            "api_id": "3fmmus9w1m",
            "arn": "arn:aws:apigateway:us-east-1::/apis/3fmmus9w1m/stages/dev",
            "auto_deploy": true,
            "client_certificate_id": "",
            "default_route_settings": [
              {
                "data_trace_enabled": false,
                "detailed_metrics_enabled": false,
                "logging_level": "OFF",
                "throttling_burst_limit": 5000,
                "throttling_rate_limit": 10000
              }
            ],
            "deployment_id": "8hk6gs",
            "description": "",
            "execution_arn": "arn:aws:execute-api:us-east-1:650080740856:3fmmus9w1m/dev",
            "id": "dev",
            "invoke_url": "wss://3fmmus9w1m.execute-api.us-east-1.amazonaws.com/dev",
            "name": "dev",
            "route_settings": [],
            "stage_variables": {},
            "tags": {
              "Name": "dev-websocket-stage"
            },
            "tags_all": {
              "Environment": "dev",
              "ManagedBy": "Terraform",
              "Name": "dev-websocket-stage",
              "Project": "SecurityOrchestrator"
            }
          },
          "sensitive_attributes": [],
          "private": "bnVsbA==",
          "dependencies": [
            "aws_apigatewayv2_api.websocket"
          ]
        }
      ]
    },
    {
      "mode": "managed",
      "type": "aws_cloudwatch_event_bus",
      "name": "orchestrator",
      "provider": "provider[\"registry.terraform.io/hashicorp/aws\"]",
      "instances": [
        {
          "schema_version": 0,
          "attributes": {
            "arn": "arn:aws:events:us-east-1:650080740856:event-bus/dev-security-orchestrator",
            "dead_letter_config": [],
            "description": "",
            "event_source_name": null,
            "id": "dev-security-orchestrator",
            "kms_key_identifier": "",
            "name": "dev-security-orchestrator",
            "tags": {
              "Name": "dev-orchestrator-event-bus"
            },
            "tags_all": {
              "Environment": "dev",
              "ManagedBy": "Terraform",
              "Name": "dev-orchestrator-event-bus",
              "Project": "SecurityOrchestrator"
            }
          },
          "sensitive_attributes": [],
          "private": "bnVsbA=="
        }
      ]
    },
    {
      "mode": "managed",
      "type": "aws_cloudwatch_event_rule",
      "name": "stream_to_websocket",
      "provider": "provider[\"registry.terraform.io/hashicorp/aws\"]",
      "instances": [
        {
          "schema_version": 1,
          "attributes": {
            "arn": "arn:aws:events:us-east-1:650080740856:rule/dev-security-orchestrator/dev-stream-to-websocket",
            "description": "Stream workflow events to WebSocket connections",
            "event_bus_name": "dev-security-orchestrator",
            "event_pattern": "{\"detail-type\":[\"run_started\",\"run_finished\",\"run_failed\",\"usecase_started\",\"usecase_finished\",\"tool_started\",\"tool_finished\",\"finding_emitted\",\"patch_proposed\",\"tests_run\",\"report_ready\"],\"source\":[\"orchestrator\"]}",
            "force_destroy": false,
            "id": "dev-security-orchestrator/dev-stream-to-websocket",
            "is_enabled": true,
            "name": "dev-stream-to-websocket",
            "name_prefix": "",
            "role_arn": "",
            "schedule_expression": "",
            "state": "ENABLED",
            "tags": {
              "Name": "dev-stream-to-websocket-rule"
            },
            "tags_all": {
              "Environment": "dev",
              "ManagedBy": "Terraform",
              "Name": "dev-stream-to-websocket-rule",
              "Project": "SecurityOrchestrator"
            }
          },
          "sensitive_attributes": [],
          "private": "eyJzY2hlbWFfdmVyc2lvbiI6IjEifQ==",
          "dependencies": [
            "aws_cloudwatch_event_bus.orchestrator"
          ]
        }
      ]
    },
    {
      "mode": "managed",
      "type": "aws_cloudwatch_event_target",
      "name": "stream_to_websocket",
      "provider": "provider[\"registry.terraform.io/hashicorp/aws\"]",
      "instances": [
        {
          "schema_version": 1,
          "attributes": {
            "appsync_target": [],
            "arn": "arn:aws:lambda:us-east-1:650080740856:function:dev-event-streamer",
            "batch_target": [],
            "dead_letter_config": [],
            "ecs_target": [],
            "event_bus_name": "dev-security-orchestrator",
            "force_destroy": false,
            "http_target": [],
            "id": "dev-security-orchestrator-dev-stream-to-websocket-terraform-20260110134532602700000001",
            "input": "",
            "input_path": "",
            "input_transformer": [],
            "kinesis_target": [],
            "redshift_target": [],
            "retry_policy": [],
            "role_arn": "",
            "rule": "dev-stream-to-websocket",
            "run_command_targets": [],
            "sagemaker_pipeline_target": [],
            "sqs_target": [],
            "target_id": "terraform-20260110134532602700000001"
          },
          "sensitive_attributes": [],
          "private": "eyJzY2hlbWFfdmVyc2lvbiI6IjEifQ==",
          "dependencies": [
            "aws_apigatewayv2_api.websocket",
            "aws_apigatewayv2_stage.websocket",
            "aws_cloudwatch_event_bus.orchestrator",
            "aws_cloudwatch_event_rule.stream_to_websocket",
            "aws_dynamodb_table.websocket_connections",
            "aws_iam_role.agent_lambda",
            "aws_lambda_function.event_streamer"
          ]
        }
      ]
    },
    {
      "mode": "managed",
      "type": "aws_cloudwatch_log_group",
      "name": "api_gateway",
      "provider": "provider[\"registry.terraform.io/hashicorp/aws\"]",
      "instances": [
        {
          "schema_version": 0,
          "attributes": {
            "arn": "arn:aws:logs:us-east-1:650080740856:log-group:/aws/apigateway/dev-orchestrator",
            "id": "/aws/apigateway/dev-orchestrator",
            "kms_key_id": "",
            "log_group_class": "STANDARD",
            "name": "/aws/apigateway/dev-orchestrator",
            "name_prefix": "",
            "retention_in_days": 30,
            "skip_destroy": false,
            "tags": {
              "Name": "dev-api-gateway-logs"
            },
            "tags_all": {
              "Environment": "dev",
              "ManagedBy": "Terraform",
              "Name": "dev-api-gateway-logs",
              "Project": "SecurityOrchestrator"
            }
          },
          "sensitive_attributes": [],
          "private": "bnVsbA=="
        }
      ]
    },
    {
      "mode": "managed",
      "type": "aws_cloudwatch_log_group",
      "name": "step_functions",
      "provider": "provider[\"registry.terraform.io/hashicorp/aws\"]",
      "instances": [
        {
          "schema_version": 0,
          "attributes": {
            "arn": "arn:aws:logs:us-east-1:650080740856:log-group:/aws/vendedlogs/states/dev-run-workflow",
            "id": "/aws/vendedlogs/states/dev-run-workflow",
            "kms_key_id": "",
            "log_group_class": "STANDARD",
            "name": "/aws/vendedlogs/states/dev-run-workflow",
            "name_prefix": "",
            "retention_in_days": 30,
            "skip_destroy": false,
            "tags": {
              "Name": "dev-step-functions-logs"
            },
            "tags_all": {
              "Environment": "dev",
              "ManagedBy": "Terraform",
              "Name": "dev-step-functions-logs",
              "Project": "SecurityOrchestrator"
            }
          },
          "sensitive_attributes": [],
          "private": "bnVsbA=="
        }
      ]
    },
    {
      "mode": "managed",
      "type": "aws_cloudwatch_metric_alarm",
      "name": "pentester_health",
      "provider": "provider[\"registry.terraform.io/hashicorp/aws\"]",
      "instances": [
        {
          "schema_version": 1,
          "attributes": {
            "actions_enabled": true,
            "alarm_actions": [],
            "alarm_description": "Pentester EC2 instance health check failed",
            "alarm_name": "dev-pentester-health",
            "arn": "arn:aws:cloudwatch:us-east-1:650080740856:alarm:dev-pentester-health",
            "comparison_operator": "GreaterThanThreshold",
            "datapoints_to_alarm": 0,
            "dimensions": {
              "InstanceId": "i-0eddf895e58bb96f9"
            },
            "evaluate_low_sample_count_percentiles": "",
            "evaluation_periods": 3,
            "extended_statistic": "",
            "id": "dev-pentester-health",
            "insufficient_data_actions": [],
            "metric_name": "StatusCheckFailed",
            "metric_query": [],
            "namespace": "AWS/EC2",
            "ok_actions": [],
            "period": 300,
            "statistic": "Maximum",
            "tags": {
              "Name": "dev-pentester-health-alarm"
            },
            "tags_all": {
              "Environment": "dev",
              "ManagedBy": "Terraform",
              "Name": "dev-pentester-health-alarm",
              "Project": "SecurityOrchestrator"
            },
            "threshold": 0,
            "threshold_metric_id": "",
            "treat_missing_data": "missing",
            "unit": ""
          },
          "sensitive_attributes": [],
          "private": "eyJzY2hlbWFfdmVyc2lvbiI6IjEifQ==",
          "dependencies": [
            "aws_cloudwatch_event_bus.orchestrator",
            "aws_iam_instance_profile.pentester_ec2",
            "aws_iam_role.pentester_ec2",
            "aws_instance.pentester",
            "aws_s3_bucket.agent_artifacts",
            "aws_s3_bucket.code_repos",
            "aws_s3_bucket.tool_outputs",
            "aws_security_group.pentester",
            "aws_sqs_queue.pentester_dlq",
            "aws_sqs_queue.pentester_jobs",
            "data.aws_ami.amazon_linux_2023",
            "data.aws_caller_identity.current"
          ]
        }
      ]
    },
    {
      "mode": "managed",
      "type": "aws_dynamodb_table",
      "name": "artifacts",
      "provider": "provider[\"registry.terraform.io/hashicorp/aws\"]",
      "instances": [
        {
          "schema_version": 1,
          "attributes": {
            "arn": "arn:aws:dynamodb:us-east-1:650080740856:table/dev-security-artifacts",
            "attribute": [
              {
                "name": "artifactId",
                "type": "S"
              },
              {
                "name": "runId",
                "type": "S"
              },
              {
                "name": "type",
                "type": "S"
              }
            ],
            "billing_mode": "PAY_PER_REQUEST",
            "deletion_protection_enabled": false,
            "global_secondary_index": [
              {
                "hash_key": "runId",
                "name": "runId-type-index",
                "non_key_attributes": [],
                "on_demand_throughput": [],
                "projection_type": "ALL",
                "range_key": "type",
                "read_capacity": 0,
                "write_capacity": 0
              }
            ],
            "hash_key": "artifactId",
            "id": "dev-security-artifacts",
            "import_table": [],
            "local_secondary_index": [],
            "name": "dev-security-artifacts",
            "on_demand_throughput": [],
            "point_in_time_recovery": [
              {
                "enabled": true,
                "recovery_period_in_days": 35
              }
            ],
            "range_key": null,
            "read_capacity": 0,
            "replica": [],
            "restore_date_time": null,
            "restore_source_name": null,
            "restore_source_table_arn": null,
            "restore_to_latest_time": null,
            "server_side_encryption": [
              {
                "enabled": true,
                "kms_key_arn": ""
              }
            ],
            "stream_arn": "",
            "stream_enabled": false,
            "stream_label": "",
            "stream_view_type": "",
            "table_class": "STANDARD",
            "tags": {
              "Name": "dev-security-artifacts"
            },
            "tags_all": {
              "Environment": "dev",
              "ManagedBy": "Terraform",
              "Name": "dev-security-artifacts",
              "Project": "SecurityOrchestrator"
            },
            "timeouts": null,
            "ttl": [
              {
                "attribute_name": "",
                "enabled": false
              }
            ],
            "write_capacity": 0
          },
          "sensitive_attributes": [],
          "private": "eyJlMmJmYjczMC1lY2FhLTExZTYtOGY4OC0zNDM2M2JjN2M0YzAiOnsiY3JlYXRlIjoxODAwMDAwMDAwMDAwLCJkZWxldGUiOjYwMDAwMDAwMDAwMCwidXBkYXRlIjozNjAwMDAwMDAwMDAwfSwic2NoZW1hX3ZlcnNpb24iOiIxIn0="
        }
      ]
    },
    {
      "mode": "managed",
      "type": "aws_dynamodb_table",
      "name": "embedding_cache",
      "provider": "provider[\"registry.terraform.io/hashicorp/aws\"]",
      "instances": [
        {
          "schema_version": 1,
          "attributes": {
            "arn": "arn:aws:dynamodb:us-east-1:650080740856:table/dev-embedding-cache",
            "attribute": [
              {
                "name": "documentId",
                "type": "S"
              }
            ],
            "billing_mode": "PAY_PER_REQUEST",
            "deletion_protection_enabled": false,
            "global_secondary_index": [],
            "hash_key": "documentId",
            "id": "dev-embedding-cache",
            "import_table": [],
            "local_secondary_index": [],
            "name": "dev-embedding-cache",
            "on_demand_throughput": [],
            "point_in_time_recovery": [
              {
                "enabled": false,
                "recovery_period_in_days": 0
              }
            ],
            "range_key": null,
            "read_capacity": 0,
            "replica": [],
            "restore_date_time": null,
            "restore_source_name": null,
            "restore_source_table_arn": null,
            "restore_to_latest_time": null,
            "server_side_encryption": [
              {
                "enabled": true,
                "kms_key_arn": ""
              }
            ],
            "stream_arn": "",
            "stream_enabled": false,
            "stream_label": "",
            "stream_view_type": "",
            "table_class": "STANDARD",
            "tags": {
              "Name": "dev-embedding-cache"
            },
            "tags_all": {
              "Environment": "dev",
              "ManagedBy": "Terraform",
              "Name": "dev-embedding-cache",
              "Project": "SecurityOrchestrator"
            },
            "timeouts": null,
            "ttl": [
              {
                "attribute_name": "ttl",
                "enabled": true
              }
            ],
            "write_capacity": 0
          },
          "sensitive_attributes": [],
          "private": "eyJlMmJmYjczMC1lY2FhLTExZTYtOGY4OC0zNDM2M2JjN2M0YzAiOnsiY3JlYXRlIjoxODAwMDAwMDAwMDAwLCJkZWxldGUiOjYwMDAwMDAwMDAwMCwidXBkYXRlIjozNjAwMDAwMDAwMDAwfSwic2NoZW1hX3ZlcnNpb24iOiIxIn0="
        }
      ]
    },
    {
      "mode": "managed",
      "type": "aws_dynamodb_table",
      "name": "runs",
      "provider": "provider[\"registry.terraform.io/hashicorp/aws\"]",
      "instances": [
        {
          "schema_version": 1,
          "attributes": {
            "arn": "arn:aws:dynamodb:us-east-1:650080740856:table/dev-security-runs",
            "attribute": [
              {
                "name": "createdAt",
                "type": "S"
              },
              {
                "name": "runId",
                "type": "S"
              },
              {
                "name": "status",
                "type": "S"
              },
              {
                "name": "userId",
                "type": "S"
              }
            ],
            "billing_mode": "PAY_PER_REQUEST",
            "deletion_protection_enabled": false,
            "global_secondary_index": [
              {
                "hash_key": "userId",
                "name": "userId-createdAt-index",
                "non_key_attributes": [],
                "on_demand_throughput": [],
                "projection_type": "ALL",
                "range_key": "createdAt",
                "read_capacity": 0,
                "write_capacity": 0
              },
              {
                "hash_key": "userId",
                "name": "userId-status-index",
                "non_key_attributes": [],
                "on_demand_throughput": [],
                "projection_type": "ALL",
                "range_key": "status",
                "read_capacity": 0,
                "write_capacity": 0
              }
            ],
            "hash_key": "runId",
            "id": "dev-security-runs",
            "import_table": [],
            "local_secondary_index": [],
            "name": "dev-security-runs",
            "on_demand_throughput": [],
            "point_in_time_recovery": [
              {
                "enabled": true,
                "recovery_period_in_days": 35
              }
            ],
            "range_key": null,
            "read_capacity": 0,
            "replica": [],
            "restore_date_time": null,
            "restore_source_name": null,
            "restore_source_table_arn": null,
            "restore_to_latest_time": null,
            "server_side_encryption": [
              {
                "enabled": true,
                "kms_key_arn": ""
              }
            ],
            "stream_arn": "",
            "stream_enabled": false,
            "stream_label": "",
            "stream_view_type": "",
            "table_class": "STANDARD",
            "tags": {
              "Name": "dev-security-runs"
            },
            "tags_all": {
              "Environment": "dev",
              "ManagedBy": "Terraform",
              "Name": "dev-security-runs",
              "Project": "SecurityOrchestrator"
            },
            "timeouts": null,
            "ttl": [
              {
                "attribute_name": "",
                "enabled": false
              }
            ],
            "write_capacity": 0
          },
          "sensitive_attributes": [],
          "private": "eyJlMmJmYjczMC1lY2FhLTExZTYtOGY4OC0zNDM2M2JjN2M0YzAiOnsiY3JlYXRlIjoxODAwMDAwMDAwMDAwLCJkZWxldGUiOjYwMDAwMDAwMDAwMCwidXBkYXRlIjozNjAwMDAwMDAwMDAwfSwic2NoZW1hX3ZlcnNpb24iOiIxIn0="
        }
      ]
    },
    {
      "mode": "managed",
      "type": "aws_dynamodb_table",
      "name": "websocket_connections",
      "provider": "provider[\"registry.terraform.io/hashicorp/aws\"]",
      "instances": [
        {
          "schema_version": 1,
          "attributes": {
            "arn": "arn:aws:dynamodb:us-east-1:650080740856:table/dev-websocket-connections",
            "attribute": [
              {
                "name": "connectionId",
                "type": "S"
              },
              {
                "name": "userId",
                "type": "S"
              }
            ],
            "billing_mode": "PAY_PER_REQUEST",
            "deletion_protection_enabled": false,
            "global_secondary_index": [
              {
                "hash_key": "userId",
                "name": "userId-index",
                "non_key_attributes": [],
                "on_demand_throughput": [],
                "projection_type": "ALL",
                "range_key": "",
                "read_capacity": 0,
                "write_capacity": 0
              }
            ],
            "hash_key": "connectionId",
            "id": "dev-websocket-connections",
            "import_table": [],
            "local_secondary_index": [],
            "name": "dev-websocket-connections",
            "on_demand_throughput": [],
            "point_in_time_recovery": [
              {
                "enabled": false,
                "recovery_period_in_days": 0
              }
            ],
            "range_key": null,
            "read_capacity": 0,
            "replica": [],
            "restore_date_time": null,
            "restore_source_name": null,
            "restore_source_table_arn": null,
            "restore_to_latest_time": null,
            "server_side_encryption": [
              {
                "enabled": true,
                "kms_key_arn": ""
              }
            ],
            "stream_arn": "",
            "stream_enabled": false,
            "stream_label": "",
            "stream_view_type": "",
            "table_class": "STANDARD",
            "tags": {
              "Name": "dev-websocket-connections"
            },
            "tags_all": {
              "Environment": "dev",
              "ManagedBy": "Terraform",
              "Name": "dev-websocket-connections",
              "Project": "SecurityOrchestrator"
            },
            "timeouts": null,
            "ttl": [
              {
                "attribute_name": "ttl",
                "enabled": true
              }
            ],
            "write_capacity": 0
          },
          "sensitive_attributes": [],
          "private": "eyJlMmJmYjczMC1lY2FhLTExZTYtOGY4OC0zNDM2M2JjN2M0YzAiOnsiY3JlYXRlIjoxODAwMDAwMDAwMDAwLCJkZWxldGUiOjYwMDAwMDAwMDAwMCwidXBkYXRlIjozNjAwMDAwMDAwMDAwfSwic2NoZW1hX3ZlcnNpb24iOiIxIn0="
        }
      ]
    },
    {
      "mode": "managed",
      "type": "aws_iam_instance_profile",
      "name": "pentester_ec2",
      "provider": "provider[\"registry.terraform.io/hashicorp/aws\"]",
      "instances": [
        {
          "schema_version": 0,
          "attributes": {
            "arn": "arn:aws:iam::650080740856:instance-profile/dev-pentester-ec2-profile",
            "create_date": "2026-03-09T22:48:56Z",
            "id": "dev-pentester-ec2-profile",
            "name": "dev-pentester-ec2-profile",
            "name_prefix": "",
            "path": "/",
            "role": "dev-pentester-ec2-role",
            "tags": {},
            "tags_all": {
              "Environment": "dev",
              "ManagedBy": "Terraform",
              "Project": "SecurityOrchestrator"
            },
            "unique_id": "AIPAZOW6U4X4MS5VAQQZJ"
          },
          "sensitive_attributes": [],
          "private": "bnVsbA==",
          "dependencies": [
            "aws_iam_role.pentester_ec2"
          ]
        }
      ]
    },
    {
      "mode": "managed",
      "type": "aws_iam_role",
      "name": "agent_lambda",
      "provider": "provider[\"registry.terraform.io/hashicorp/aws\"]",
      "instances": [
        {
          "schema_version": 0,
          "attributes": {
            "arn": "arn:aws:iam::650080740856:role/dev-agent-lambda-role",
            "assume_role_policy": "{\"Statement\":[{\"Action\":\"sts:AssumeRole\",\"Effect\":\"Allow\",\"Principal\":{\"Service\":\"lambda.amazonaws.com\"}}],\"Version\":\"2012-10-17\"}",
            "create_date": "2026-01-10T13:35:37Z",
            "description": "",
            "force_detach_policies": false,
            "id": "dev-agent-lambda-role",
            "inline_policy": [
              {
                "name": "DynamoDB_update",
                "policy": "{\"Version\":\"2012-10-17\",\"Statement\":[{\"Action\":[\"dynamodb:UpdateItem\",\"dynamodb:PutItem\",\"dynamodb:GetItem\"],\"Effect\":\"Allow\",\"Resource\":\"arn:aws:dynamodb:us-east-1:650080740856:table/dev-runs\",\"Sid\":\"Statement1\"}]}"
              },
              {
                "name": "dev-agent-lambda-policy",
                "policy": "{\"Version\":\"2012-10-17\",\"Statement\":[{\"Action\":[\"logs:CreateLogGroup\",\"logs:CreateLogStream\",\"logs:PutLogEvents\"],\"Effect\":\"Allow\",\"Resource\":\"arn:aws:logs:*:*:*\"},{\"Action\":[\"dynamodb:GetItem\",\"dynamodb:PutItem\",\"dynamodb:UpdateItem\",\"dynamodb:Query\"],\"Effect\":\"Allow\",\"Resource\":[\"arn:aws:dynamodb:us-east-1:650080740856:table/dev-security-runs\",\"arn:aws:dynamodb:us-east-1:650080740856:table/dev-security-runs/index/*\",\"arn:aws:dynamodb:us-east-1:650080740856:table/dev-security-artifacts\",\"arn:aws:dynamodb:us-east-1:650080740856:table/dev-security-artifacts/index/*\",\"arn:aws:dynamodb:us-east-1:650080740856:table/dev-embedding-cache\"]},{\"Action\":[\"s3:GetObject\",\"s3:PutObject\"],\"Effect\":\"Allow\",\"Resource\":[\"arn:aws:s3:::vulniq-bucket-dev/*\",\"arn:aws:s3:::dev-security-tool-outputs-650080740856/*\",\"arn:aws:s3:::dev-security-agent-artifacts-650080740856/*\",\"arn:aws:s3:::dev-security-code-repos-650080740856/*\"]},{\"Action\":[\"bedrock:InvokeModel\",\"bedrock:InvokeModelWithResponseStream\",\"bedrock:Retrieve\",\"bedrock:RetrieveAndGenerate\"],\"Effect\":\"Allow\",\"Resource\":\"*\"},{\"Action\":[\"aoss:APIAccessAll\"],\"Effect\":\"Allow\",\"Resource\":\"*\"},{\"Action\":[\"secretsmanager:GetSecretValue\"],\"Effect\":\"Allow\",\"Resource\":\"arn:aws:secretsmanager:us-east-1:650080740856:secret:dev-aurora-credentials-bcAZk5\"},{\"Action\":[\"events:PutEvents\"],\"Effect\":\"Allow\",\"Resource\":\"arn:aws:events:us-east-1:650080740856:event-bus/dev-security-orchestrator\"},{\"Action\":[\"lambda:InvokeFunction\"],\"Effect\":\"Allow\",\"Resource\":\"arn:aws:lambda:us-east-1:650080740856:function:dev-agent-*\"}]}"
              },
              {
                "name": "dev-event-streamer-websocket-policy",
                "policy": "{\"Version\":\"2012-10-17\",\"Statement\":[{\"Action\":[\"execute-api:ManageConnections\"],\"Effect\":\"Allow\",\"Resource\":\"arn:aws:execute-api:us-east-1:650080740856:3fmmus9w1m/*\"}]}"
              }
            ],
            "managed_policy_arns": [
              "arn:aws:iam::650080740856:policy/BedrockMarketplaceAccess"
            ],
            "max_session_duration": 3600,
            "name": "dev-agent-lambda-role",
            "name_prefix": "",
            "path": "/",
            "permissions_boundary": "",
            "tags": {},
            "tags_all": {
              "Environment": "dev",
              "ManagedBy": "Terraform",
              "Project": "SecurityOrchestrator"
            },
            "unique_id": "AROAZOW6U4X4ISO4BZIWB"
          },
          "sensitive_attributes": [],
          "private": "bnVsbA=="
        }
      ]
    },
    {
      "mode": "managed",
      "type": "aws_iam_role",
      "name": "apigateway_websocket",
      "provider": "provider[\"registry.terraform.io/hashicorp/aws\"]",
      "instances": [
        {
          "schema_version": 0,
          "attributes": {
            "arn": "arn:aws:iam::650080740856:role/dev-apigateway-websocket-role",
            "assume_role_policy": "{\"Statement\":[{\"Action\":\"sts:AssumeRole\",\"Effect\":\"Allow\",\"Principal\":{\"Service\":\"apigateway.amazonaws.com\"}}],\"Version\":\"2012-10-17\"}",
            "create_date": "2026-01-10T13:35:37Z",
            "description": "",
            "force_detach_policies": false,
            "id": "dev-apigateway-websocket-role",
            "inline_policy": [
              {
                "name": "dev-apigateway-websocket-policy",
                "policy": "{\"Version\":\"2012-10-17\",\"Statement\":[{\"Action\":[\"lambda:InvokeFunction\"],\"Effect\":\"Allow\",\"Resource\":\"arn:aws:lambda:us-east-1:650080740856:function:dev-websocket-*\"}]}"
              }
            ],
            "managed_policy_arns": [],
            "max_session_duration": 3600,
            "name": "dev-apigateway-websocket-role",
            "name_prefix": "",
            "path": "/",
            "permissions_boundary": "",
            "tags": {},
            "tags_all": {
              "Environment": "dev",
              "ManagedBy": "Terraform",
              "Project": "SecurityOrchestrator"
            },
            "unique_id": "AROAZOW6U4X4H5V65COIL"
          },
          "sensitive_attributes": [],
          "private": "bnVsbA=="
        }
      ]
    },
    {
      "mode": "managed",
      "type": "aws_iam_role",
      "name": "bedrock_kb",
      "provider": "provider[\"registry.terraform.io/hashicorp/aws\"]",
      "instances": [
        {
          "schema_version": 0,
          "attributes": {
            "arn": "arn:aws:iam::650080740856:role/dev-bedrock-kb-role",
            "assume_role_policy": "{\"Statement\":[{\"Action\":\"sts:AssumeRole\",\"Effect\":\"Allow\",\"Principal\":{\"Service\":\"bedrock.amazonaws.com\"}}],\"Version\":\"2012-10-17\"}",
            "create_date": "2026-01-10T23:36:07Z",
            "description": "",
            "force_detach_policies": false,
            "id": "dev-bedrock-kb-role",
            "inline_policy": [
              {
                "name": "dev-bedrock-kb-bedrock",
                "policy": "{\"Version\":\"2012-10-17\",\"Statement\":[{\"Action\":[\"bedrock:InvokeModel\"],\"Effect\":\"Allow\",\"Resource\":[\"arn:aws:bedrock:us-east-1::foundation-model/amazon.titan-embed-text-v2:0\"]}]}"
              },
              {
                "name": "dev-bedrock-kb-opensearch",
                "policy": "{\"Version\":\"2012-10-17\",\"Statement\":[{\"Action\":[\"aoss:APIAccessAll\"],\"Effect\":\"Allow\",\"Resource\":[\"arn:aws:aoss:us-east-1:650080740856:collection/hu22wmd1vmdqe7er61va\"]}]}"
              },
              {
                "name": "dev-bedrock-kb-s3",
                "policy": "{\"Version\":\"2012-10-17\",\"Statement\":[{\"Action\":[\"s3:GetObject\",\"s3:ListBucket\"],\"Effect\":\"Allow\",\"Resource\":[\"arn:aws:s3:::vulniq-bucket-dev\",\"arn:aws:s3:::vulniq-bucket-dev/*\"]}]}"
              }
            ],
            "managed_policy_arns": [],
            "max_session_duration": 3600,
            "name": "dev-bedrock-kb-role",
            "name_prefix": "",
            "path": "/",
            "permissions_boundary": "",
            "tags": {},
            "tags_all": {
              "Environment": "dev",
              "ManagedBy": "Terraform",
              "Project": "SecurityOrchestrator"
            },
            "unique_id": "AROAZOW6U4X4CBRSRDGST"
          },
          "sensitive_attributes": [],
          "private": "bnVsbA=="
        }
      ]
    },
    {
      "mode": "managed",
      "type": "aws_iam_role",
      "name": "ecs_task",
      "provider": "provider[\"registry.terraform.io/hashicorp/aws\"]",
      "instances": [
        {
          "schema_version": 0,
          "attributes": {
            "arn": "arn:aws:iam::650080740856:role/dev-ecs-task-role",
            "assume_role_policy": "{\"Statement\":[{\"Action\":\"sts:AssumeRole\",\"Effect\":\"Allow\",\"Principal\":{\"Service\":\"ecs-tasks.amazonaws.com\"}}],\"Version\":\"2012-10-17\"}",
            "create_date": "2026-01-10T13:35:38Z",
            "description": "",
            "force_detach_policies": false,
            "id": "dev-ecs-task-role",
            "inline_policy": [
              {
                "name": "dev-ecs-task-policy",
                "policy": "{\"Version\":\"2012-10-17\",\"Statement\":[{\"Action\":[\"s3:GetObject\"],\"Effect\":\"Allow\",\"Resource\":\"arn:aws:s3:::dev-security-code-repos-650080740856/*\"},{\"Action\":[\"s3:PutObject\"],\"Effect\":\"Allow\",\"Resource\":\"arn:aws:s3:::dev-security-tool-outputs-650080740856/*\"},{\"Action\":[\"events:PutEvents\"],\"Effect\":\"Allow\",\"Resource\":\"arn:aws:events:us-east-1:650080740856:event-bus/dev-security-orchestrator\"}]}"
              }
            ],
            "managed_policy_arns": [],
            "max_session_duration": 3600,
            "name": "dev-ecs-task-role",
            "name_prefix": "",
            "path": "/",
            "permissions_boundary": "",
            "tags": {},
            "tags_all": {
              "Environment": "dev",
              "ManagedBy": "Terraform",
              "Project": "SecurityOrchestrator"
            },
            "unique_id": "AROAZOW6U4X4OWGEC53LF"
          },
          "sensitive_attributes": [],
          "private": "bnVsbA=="
        }
      ]
    },
    {
      "mode": "managed",
      "type": "aws_iam_role",
      "name": "ecs_task_execution",
      "provider": "provider[\"registry.terraform.io/hashicorp/aws\"]",
      "instances": [
        {
          "schema_version": 0,
          "attributes": {
            "arn": "arn:aws:iam::650080740856:role/dev-ecs-task-execution-role",
            "assume_role_policy": "{\"Statement\":[{\"Action\":\"sts:AssumeRole\",\"Effect\":\"Allow\",\"Principal\":{\"Service\":\"ecs-tasks.amazonaws.com\"}}],\"Version\":\"2012-10-17\"}",
            "create_date": "2026-01-10T13:35:37Z",
            "description": "",
            "force_detach_policies": false,
            "id": "dev-ecs-task-execution-role",
            "inline_policy": [],
            "managed_policy_arns": [
              "arn:aws:iam::aws:policy/service-role/AmazonECSTaskExecutionRolePolicy"
            ],
            "max_session_duration": 3600,
            "name": "dev-ecs-task-execution-role",
            "name_prefix": "",
            "path": "/",
            "permissions_boundary": "",
            "tags": {},
            "tags_all": {
              "Environment": "dev",
              "ManagedBy": "Terraform",
              "Project": "SecurityOrchestrator"
            },
            "unique_id": "AROAZOW6U4X4AGP72FYG3"
          },
          "sensitive_attributes": [],
          "private": "bnVsbA=="
        }
      ]
    },
    {
      "mode": "managed",
      "type": "aws_iam_role",
      "name": "pentester_ec2",
      "provider": "provider[\"registry.terraform.io/hashicorp/aws\"]",
      "instances": [
        {
          "schema_version": 0,
          "attributes": {
            "arn": "arn:aws:iam::650080740856:role/dev-pentester-ec2-role",
            "assume_role_policy": "{\"Statement\":[{\"Action\":\"sts:AssumeRole\",\"Effect\":\"Allow\",\"Principal\":{\"Service\":\"ec2.amazonaws.com\"}}],\"Version\":\"2012-10-17\"}",
            "create_date": "2026-03-09T22:48:55Z",
            "description": "",
            "force_detach_policies": false,
            "id": "dev-pentester-ec2-role",
            "inline_policy": [
              {
                "name": "dev-pentester-ec2-policy",
                "policy": "{\"Version\":\"2012-10-17\",\"Statement\":[{\"Action\":[\"s3:GetObject\",\"s3:ListBucket\"],\"Effect\":\"Allow\",\"Resource\":[\"arn:aws:s3:::dev-security-code-repos-650080740856\",\"arn:aws:s3:::dev-security-code-repos-650080740856/*\",\"arn:aws:s3:::vulniq-bucket-dev/*\"]},{\"Action\":[\"s3:PutObject\",\"s3:GetObject\"],\"Effect\":\"Allow\",\"Resource\":[\"arn:aws:s3:::dev-security-agent-artifacts-650080740856/*\",\"arn:aws:s3:::dev-security-tool-outputs-650080740856/*\"]},{\"Action\":[\"bedrock:InvokeModel\",\"bedrock:InvokeModelWithResponseStream\"],\"Effect\":\"Allow\",\"Resource\":\"*\"},{\"Action\":[\"sqs:ReceiveMessage\",\"sqs:DeleteMessage\",\"sqs:GetQueueAttributes\",\"sqs:ChangeMessageVisibility\"],\"Effect\":\"Allow\",\"Resource\":\"arn:aws:sqs:us-east-1:650080740856:dev-pentester-scan-jobs\"},{\"Action\":[\"events:PutEvents\"],\"Effect\":\"Allow\",\"Resource\":\"arn:aws:events:us-east-1:650080740856:event-bus/dev-security-orchestrator\"},{\"Action\":[\"states:SendTaskSuccess\",\"states:SendTaskFailure\",\"states:SendTaskHeartbeat\"],\"Effect\":\"Allow\",\"Resource\":\"arn:aws:states:us-east-1:650080740856:stateMachine:dev-run-workflow\"},{\"Action\":[\"logs:CreateLogGroup\",\"logs:CreateLogStream\",\"logs:PutLogEvents\"],\"Effect\":\"Allow\",\"Resource\":\"arn:aws:logs:*:*:*\"},{\"Action\":[\"ssm:GetParameter\",\"ssm:GetParameters\",\"ssmmessages:*\",\"ec2messages:*\"],\"Effect\":\"Allow\",\"Resource\":\"*\"}]}"
              }
            ],
            "managed_policy_arns": [
              "arn:aws:iam::aws:policy/AmazonSSMManagedInstanceCore"
            ],
            "max_session_duration": 3600,
            "name": "dev-pentester-ec2-role",
            "name_prefix": "",
            "path": "/",
            "permissions_boundary": "",
            "tags": {
              "Name": "dev-pentester-ec2-role"
            },
            "tags_all": {
              "Environment": "dev",
              "ManagedBy": "Terraform",
              "Name": "dev-pentester-ec2-role",
              "Project": "SecurityOrchestrator"
            },
            "unique_id": "AROAZOW6U4X4PDHMOW7ZG"
          },
          "sensitive_attributes": [],
          "private": "bnVsbA=="
        }
      ]
    },
    {
      "mode": "managed",
      "type": "aws_iam_role",
      "name": "step_functions",
      "provider": "provider[\"registry.terraform.io/hashicorp/aws\"]",
      "instances": [
        {
          "schema_version": 0,
          "attributes": {
            "arn": "arn:aws:iam::650080740856:role/dev-step-functions-role",
            "assume_role_policy": "{\"Statement\":[{\"Action\":\"sts:AssumeRole\",\"Effect\":\"Allow\",\"Principal\":{\"Service\":\"states.amazonaws.com\"}}],\"Version\":\"2012-10-17\"}",
            "create_date": "2026-01-10T13:35:38Z",
            "description": "",
            "force_detach_policies": false,
            "id": "dev-step-functions-role",
            "inline_policy": [
              {
                "name": "dev-step-functions-policy",
                "policy": "{\"Version\":\"2012-10-17\",\"Statement\":[{\"Action\":[\"lambda:InvokeFunction\"],\"Effect\":\"Allow\",\"Resource\":\"arn:aws:lambda:us-east-1:650080740856:function:dev-*\"},{\"Action\":[\"ecs:RunTask\",\"ecs:StopTask\",\"ecs:DescribeTasks\"],\"Effect\":\"Allow\",\"Resource\":\"*\"},{\"Action\":[\"iam:PassRole\"],\"Effect\":\"Allow\",\"Resource\":\"arn:aws:iam::650080740856:role/dev-ecs-task-role\"},{\"Action\":[\"events:PutTargets\",\"events:PutRule\",\"events:DescribeRule\",\"events:PutEvents\"],\"Effect\":\"Allow\",\"Resource\":\"*\"},{\"Action\":[\"sqs:SendMessage\"],\"Effect\":\"Allow\",\"Resource\":\"arn:aws:sqs:us-east-1:650080740856:dev-pentester-scan-jobs\"},{\"Action\":[\"logs:CreateLogDelivery\",\"logs:GetLogDelivery\",\"logs:UpdateLogDelivery\",\"logs:DeleteLogDelivery\",\"logs:ListLogDeliveries\",\"logs:PutResourcePolicy\",\"logs:DescribeResourcePolicies\",\"logs:DescribeLogGroups\"],\"Effect\":\"Allow\",\"Resource\":\"*\"}]}"
              }
            ],
            "managed_policy_arns": [],
            "max_session_duration": 3600,
            "name": "dev-step-functions-role",
            "name_prefix": "",
            "path": "/",
            "permissions_boundary": "",
            "tags": {},
            "tags_all": {
              "Environment": "dev",
              "ManagedBy": "Terraform",
              "Project": "SecurityOrchestrator"
            },
            "unique_id": "AROAZOW6U4X4OMH64JMYI"
          },
          "sensitive_attributes": [],
          "private": "bnVsbA=="
        }
      ]
    },
    {
      "mode": "managed",
      "type": "aws_iam_role_policy",
      "name": "agent_lambda",
      "provider": "provider[\"registry.terraform.io/hashicorp/aws\"]",
      "instances": [
        {
          "schema_version": 0,
          "attributes": {
            "id": "dev-agent-lambda-role:dev-agent-lambda-policy",
            "name": "dev-agent-lambda-policy",
            "name_prefix": "",
            "policy": "{\"Version\":\"2012-10-17\",\"Statement\":[{\"Action\":[\"logs:CreateLogGroup\",\"logs:CreateLogStream\",\"logs:PutLogEvents\"],\"Effect\":\"Allow\",\"Resource\":\"arn:aws:logs:*:*:*\"},{\"Action\":[\"dynamodb:GetItem\",\"dynamodb:PutItem\",\"dynamodb:UpdateItem\",\"dynamodb:Query\"],\"Effect\":\"Allow\",\"Resource\":[\"arn:aws:dynamodb:us-east-1:650080740856:table/dev-security-runs\",\"arn:aws:dynamodb:us-east-1:650080740856:table/dev-security-runs/index/*\",\"arn:aws:dynamodb:us-east-1:650080740856:table/dev-security-artifacts\",\"arn:aws:dynamodb:us-east-1:650080740856:table/dev-security-artifacts/index/*\",\"arn:aws:dynamodb:us-east-1:650080740856:table/dev-embedding-cache\"]},{\"Action\":[\"s3:GetObject\",\"s3:PutObject\"],\"Effect\":\"Allow\",\"Resource\":[\"arn:aws:s3:::vulniq-bucket-dev/*\",\"arn:aws:s3:::dev-security-tool-outputs-650080740856/*\",\"arn:aws:s3:::dev-security-agent-artifacts-650080740856/*\",\"arn:aws:s3:::dev-security-code-repos-650080740856/*\"]},{\"Action\":[\"bedrock:InvokeModel\",\"bedrock:InvokeModelWithResponseStream\",\"bedrock:Retrieve\",\"bedrock:RetrieveAndGenerate\"],\"Effect\":\"Allow\",\"Resource\":\"*\"},{\"Action\":[\"aoss:APIAccessAll\"],\"Effect\":\"Allow\",\"Resource\":\"*\"},{\"Action\":[\"secretsmanager:GetSecretValue\"],\"Effect\":\"Allow\",\"Resource\":\"arn:aws:secretsmanager:us-east-1:650080740856:secret:dev-aurora-credentials-bcAZk5\"},{\"Action\":[\"events:PutEvents\"],\"Effect\":\"Allow\",\"Resource\":\"arn:aws:events:us-east-1:650080740856:event-bus/dev-security-orchestrator\"},{\"Action\":[\"lambda:InvokeFunction\"],\"Effect\":\"Allow\",\"Resource\":\"arn:aws:lambda:us-east-1:650080740856:function:dev-agent-*\"}]}",
            "role": "dev-agent-lambda-role"
          },
          "sensitive_attributes": [],
          "private": "bnVsbA==",
          "dependencies": [
            "aws_cloudwatch_event_bus.orchestrator",
            "aws_dynamodb_table.artifacts",
            "aws_dynamodb_table.embedding_cache",
            "aws_dynamodb_table.runs",
            "aws_iam_role.agent_lambda",
            "aws_s3_bucket.agent_artifacts",
            "aws_s3_bucket.code_repos",
            "aws_s3_bucket.tool_outputs",
            "aws_secretsmanager_secret.aurora_credentials",
            "data.aws_caller_identity.current",
            "data.aws_s3_bucket.documents"
          ]
        }
      ]
    },
    {
      "mode": "managed",
      "type": "aws_iam_role_policy",
      "name": "apigateway_websocket",
      "provider": "provider[\"registry.terraform.io/hashicorp/aws\"]",
      "instances": [
        {
          "schema_version": 0,
          "attributes": {
            "id": "dev-apigateway-websocket-role:dev-apigateway-websocket-policy",
            "name": "dev-apigateway-websocket-policy",
            "name_prefix": "",
            "policy": "{\"Version\":\"2012-10-17\",\"Statement\":[{\"Action\":[\"lambda:InvokeFunction\"],\"Effect\":\"Allow\",\"Resource\":\"arn:aws:lambda:us-east-1:650080740856:function:dev-websocket-*\"}]}",
            "role": "dev-apigateway-websocket-role"
          },
          "sensitive_attributes": [],
          "private": "bnVsbA==",
          "dependencies": [
            "aws_iam_role.apigateway_websocket",
            "data.aws_caller_identity.current"
          ]
        }
      ]
    },
    {
      "mode": "managed",
      "type": "aws_iam_role_policy",
      "name": "bedrock_kb_bedrock",
      "provider": "provider[\"registry.terraform.io/hashicorp/aws\"]",
      "instances": [
        {
          "schema_version": 0,
          "attributes": {
            "id": "dev-bedrock-kb-role:dev-bedrock-kb-bedrock",
            "name": "dev-bedrock-kb-bedrock",
            "name_prefix": "",
            "policy": "{\"Version\":\"2012-10-17\",\"Statement\":[{\"Action\":[\"bedrock:InvokeModel\"],\"Effect\":\"Allow\",\"Resource\":[\"arn:aws:bedrock:us-east-1::foundation-model/amazon.titan-embed-text-v2:0\"]}]}",
            "role": "dev-bedrock-kb-role"
          },
          "sensitive_attributes": [],
          "private": "bnVsbA==",
          "dependencies": [
            "aws_iam_role.bedrock_kb"
          ]
        }
      ]
    },
    {
      "mode": "managed",
      "type": "aws_iam_role_policy",
      "name": "bedrock_kb_opensearch",
      "provider": "provider[\"registry.terraform.io/hashicorp/aws\"]",
      "instances": [
        {
          "schema_version": 0,
          "attributes": {
            "id": "dev-bedrock-kb-role:dev-bedrock-kb-opensearch",
            "name": "dev-bedrock-kb-opensearch",
            "name_prefix": "",
            "policy": "{\"Version\":\"2012-10-17\",\"Statement\":[{\"Action\":[\"aoss:APIAccessAll\"],\"Effect\":\"Allow\",\"Resource\":[\"arn:aws:aoss:us-east-1:650080740856:collection/hu22wmd1vmdqe7er61va\"]}]}",
            "role": "dev-bedrock-kb-role"
          },
          "sensitive_attributes": [],
          "private": "bnVsbA==",
          "dependencies": [
            "aws_iam_role.bedrock_kb",
            "aws_opensearchserverless_collection.rag_vectors",
            "aws_opensearchserverless_security_policy.encryption",
            "aws_opensearchserverless_security_policy.network"
          ]
        }
      ]
    },
    {
      "mode": "managed",
      "type": "aws_iam_role_policy",
      "name": "bedrock_kb_s3",
      "provider": "provider[\"registry.terraform.io/hashicorp/aws\"]",
      "instances": [
        {
          "schema_version": 0,
          "attributes": {
            "id": "dev-bedrock-kb-role:dev-bedrock-kb-s3",
            "name": "dev-bedrock-kb-s3",
            "name_prefix": "",
            "policy": "{\"Version\":\"2012-10-17\",\"Statement\":[{\"Action\":[\"s3:GetObject\",\"s3:ListBucket\"],\"Effect\":\"Allow\",\"Resource\":[\"arn:aws:s3:::vulniq-bucket-dev\",\"arn:aws:s3:::vulniq-bucket-dev/*\"]}]}",
            "role": "dev-bedrock-kb-role"
          },
          "sensitive_attributes": [],
          "private": "bnVsbA==",
          "dependencies": [
            "aws_iam_role.bedrock_kb",
            "data.aws_s3_bucket.documents"
          ]
        }
      ]
    },
    {
      "mode": "managed",
      "type": "aws_iam_role_policy",
      "name": "ecs_task",
      "provider": "provider[\"registry.terraform.io/hashicorp/aws\"]",
      "instances": [
        {
          "schema_version": 0,
          "attributes": {
            "id": "dev-ecs-task-role:dev-ecs-task-policy",
            "name": "dev-ecs-task-policy",
            "name_prefix": "",
            "policy": "{\"Version\":\"2012-10-17\",\"Statement\":[{\"Action\":[\"s3:GetObject\"],\"Effect\":\"Allow\",\"Resource\":\"arn:aws:s3:::dev-security-code-repos-650080740856/*\"},{\"Action\":[\"s3:PutObject\"],\"Effect\":\"Allow\",\"Resource\":\"arn:aws:s3:::dev-security-tool-outputs-650080740856/*\"},{\"Action\":[\"events:PutEvents\"],\"Effect\":\"Allow\",\"Resource\":\"arn:aws:events:us-east-1:650080740856:event-bus/dev-security-orchestrator\"}]}",
            "role": "dev-ecs-task-role"
          },
          "sensitive_attributes": [],
          "private": "bnVsbA==",
          "dependencies": [
            "aws_cloudwatch_event_bus.orchestrator",
            "aws_iam_role.ecs_task",
            "aws_s3_bucket.code_repos",
            "aws_s3_bucket.tool_outputs",
            "data.aws_caller_identity.current"
          ]
        }
      ]
    },
    {
      "mode": "managed",
      "type": "aws_iam_role_policy",
      "name": "event_streamer_websocket",
      "provider": "provider[\"registry.terraform.io/hashicorp/aws\"]",
      "instances": [
        {
          "schema_version": 0,
          "attributes": {
            "id": "dev-agent-lambda-role:dev-event-streamer-websocket-policy",
            "name": "dev-event-streamer-websocket-policy",
            "name_prefix": "",
            "policy": "{\"Version\":\"2012-10-17\",\"Statement\":[{\"Action\":[\"execute-api:ManageConnections\"],\"Effect\":\"Allow\",\"Resource\":\"arn:aws:execute-api:us-east-1:650080740856:3fmmus9w1m/*\"}]}",
            "role": "dev-agent-lambda-role"
          },
          "sensitive_attributes": [],
          "private": "bnVsbA==",
          "dependencies": [
            "aws_apigatewayv2_api.websocket",
            "aws_iam_role.agent_lambda"
          ]
        }
      ]
    },
    {
      "mode": "managed",
      "type": "aws_iam_role_policy",
      "name": "pentester_ec2",
      "provider": "provider[\"registry.terraform.io/hashicorp/aws\"]",
      "instances": [
        {
          "schema_version": 0,
          "attributes": {
            "id": "dev-pentester-ec2-role:dev-pentester-ec2-policy",
            "name": "dev-pentester-ec2-policy",
            "name_prefix": "",
            "policy": "{\"Version\":\"2012-10-17\",\"Statement\":[{\"Action\":[\"s3:GetObject\",\"s3:ListBucket\"],\"Effect\":\"Allow\",\"Resource\":[\"arn:aws:s3:::dev-security-code-repos-650080740856\",\"arn:aws:s3:::dev-security-code-repos-650080740856/*\",\"arn:aws:s3:::vulniq-bucket-dev/*\"]},{\"Action\":[\"s3:PutObject\",\"s3:GetObject\"],\"Effect\":\"Allow\",\"Resource\":[\"arn:aws:s3:::dev-security-agent-artifacts-650080740856/*\",\"arn:aws:s3:::dev-security-tool-outputs-650080740856/*\"]},{\"Action\":[\"bedrock:InvokeModel\",\"bedrock:InvokeModelWithResponseStream\"],\"Effect\":\"Allow\",\"Resource\":\"*\"},{\"Action\":[\"sqs:ReceiveMessage\",\"sqs:DeleteMessage\",\"sqs:GetQueueAttributes\",\"sqs:ChangeMessageVisibility\"],\"Effect\":\"Allow\",\"Resource\":\"arn:aws:sqs:us-east-1:650080740856:dev-pentester-scan-jobs\"},{\"Action\":[\"events:PutEvents\"],\"Effect\":\"Allow\",\"Resource\":\"arn:aws:events:us-east-1:650080740856:event-bus/dev-security-orchestrator\"},{\"Action\":[\"states:SendTaskSuccess\",\"states:SendTaskFailure\",\"states:SendTaskHeartbeat\"],\"Effect\":\"Allow\",\"Resource\":\"arn:aws:states:us-east-1:650080740856:stateMachine:dev-run-workflow\"},{\"Action\":[\"logs:CreateLogGroup\",\"logs:CreateLogStream\",\"logs:PutLogEvents\"],\"Effect\":\"Allow\",\"Resource\":\"arn:aws:logs:*:*:*\"},{\"Action\":[\"ssm:GetParameter\",\"ssm:GetParameters\",\"ssmmessages:*\",\"ec2messages:*\"],\"Effect\":\"Allow\",\"Resource\":\"*\"}]}",
            "role": "dev-pentester-ec2-role"
          },
          "sensitive_attributes": [],
          "private": "bnVsbA==",
          "dependencies": [
            "aws_cloudwatch_event_bus.orchestrator",
            "aws_cloudwatch_log_group.step_functions",
            "aws_dynamodb_table.artifacts",
            "aws_dynamodb_table.runs",
            "aws_iam_role.agent_lambda",
            "aws_iam_role.pentester_ec2",
            "aws_iam_role.step_functions",
            "aws_lambda_function.agent_implementer",
            "aws_lambda_function.agent_reporter",
            "aws_lambda_function.agent_reviewer",
            "aws_lambda_function.agent_tester",
            "aws_lambda_function.initialize_run",
            "aws_s3_bucket.agent_artifacts",
            "aws_s3_bucket.code_repos",
            "aws_s3_bucket.tool_outputs",
            "aws_secretsmanager_secret.aurora_credentials",
            "aws_sfn_state_machine.run_workflow",
            "aws_sqs_queue.pentester_dlq",
            "aws_sqs_queue.pentester_jobs",
            "data.aws_caller_identity.current",
            "data.aws_s3_bucket.documents"
          ]
        }
      ]
    },
    {
      "mode": "managed",
      "type": "aws_iam_role_policy",
      "name": "step_functions",
      "provider": "provider[\"registry.terraform.io/hashicorp/aws\"]",
      "instances": [
        {
          "schema_version": 0,
          "attributes": {
            "id": "dev-step-functions-role:dev-step-functions-policy",
            "name": "dev-step-functions-policy",
            "name_prefix": "",
            "policy": "{\"Version\":\"2012-10-17\",\"Statement\":[{\"Action\":[\"lambda:InvokeFunction\"],\"Effect\":\"Allow\",\"Resource\":\"arn:aws:lambda:us-east-1:650080740856:function:dev-*\"},{\"Action\":[\"ecs:RunTask\",\"ecs:StopTask\",\"ecs:DescribeTasks\"],\"Effect\":\"Allow\",\"Resource\":\"*\"},{\"Action\":[\"iam:PassRole\"],\"Effect\":\"Allow\",\"Resource\":\"arn:aws:iam::650080740856:role/dev-ecs-task-role\"},{\"Action\":[\"events:PutTargets\",\"events:PutRule\",\"events:DescribeRule\",\"events:PutEvents\"],\"Effect\":\"Allow\",\"Resource\":\"*\"},{\"Action\":[\"sqs:SendMessage\"],\"Effect\":\"Allow\",\"Resource\":\"arn:aws:sqs:us-east-1:650080740856:dev-pentester-scan-jobs\"},{\"Action\":[\"logs:CreateLogDelivery\",\"logs:GetLogDelivery\",\"logs:UpdateLogDelivery\",\"logs:DeleteLogDelivery\",\"logs:ListLogDeliveries\",\"logs:PutResourcePolicy\",\"logs:DescribeResourcePolicies\",\"logs:DescribeLogGroups\"],\"Effect\":\"Allow\",\"Resource\":\"*\"}]}",
            "role": "dev-step-functions-role"
          },
          "sensitive_attributes": [],
          "private": "bnVsbA==",
          "dependencies": [
            "aws_iam_role.ecs_task",
            "aws_iam_role.step_functions",
            "aws_sqs_queue.pentester_dlq",
            "aws_sqs_queue.pentester_jobs",
            "data.aws_caller_identity.current"
          ]
        }
      ]
    },
    {
      "mode": "managed",
      "type": "aws_iam_role_policy_attachment",
      "name": "ecs_task_execution",
      "provider": "provider[\"registry.terraform.io/hashicorp/aws\"]",
      "instances": [
        {
          "schema_version": 0,
          "attributes": {
            "id": "dev-ecs-task-execution-role-20260110133539641000000003",
            "policy_arn": "arn:aws:iam::aws:policy/service-role/AmazonECSTaskExecutionRolePolicy",
            "role": "dev-ecs-task-execution-role"
          },
          "sensitive_attributes": [],
          "private": "bnVsbA==",
          "dependencies": [
            "aws_iam_role.ecs_task_execution"
          ]
        }
      ]
    },
    {
      "mode": "managed",
      "type": "aws_iam_role_policy_attachment",
      "name": "pentester_ssm",
      "provider": "provider[\"registry.terraform.io/hashicorp/aws\"]",
      "instances": [
        {
          "schema_version": 0,
          "attributes": {
            "id": "dev-pentester-ec2-role-20260309224856140800000001",
            "policy_arn": "arn:aws:iam::aws:policy/AmazonSSMManagedInstanceCore",
            "role": "dev-pentester-ec2-role"
          },
          "sensitive_attributes": [],
          "private": "bnVsbA==",
          "dependencies": [
            "aws_iam_role.pentester_ec2"
          ]
        }
      ]
    },
    {
      "mode": "managed",
      "type": "aws_instance",
      "name": "pentester",
      "provider": "provider[\"registry.terraform.io/hashicorp/aws\"]",
      "instances": [
        {
          "schema_version": 1,
          "attributes": {
            "ami": "ami-0ee72650e64503637",
            "arn": "arn:aws:ec2:us-east-1:650080740856:instance/i-0eddf895e58bb96f9",
            "associate_public_ip_address": true,
            "availability_zone": "us-east-1a",
            "capacity_reservation_specification": [
              {
                "capacity_reservation_preference": "open",
                "capacity_reservation_target": []
              }
            ],
            "cpu_core_count": 1,
            "cpu_options": [
              {
                "amd_sev_snp": "",
                "core_count": 1,
                "threads_per_core": 2
              }
            ],
            "cpu_threads_per_core": 2,
            "credit_specification": [
              {
                "cpu_credits": "unlimited"
              }
            ],
            "disable_api_stop": false,
            "disable_api_termination": false,
            "ebs_block_device": [],
            "ebs_optimized": false,
            "enable_primary_ipv6": null,
            "enclave_options": [
              {
                "enabled": false
              }
            ],
            "ephemeral_block_device": [],
            "get_password_data": false,
            "hibernation": false,
            "host_id": "",
            "host_resource_group_arn": null,
            "iam_instance_profile": "dev-pentester-ec2-profile",
            "id": "i-0eddf895e58bb96f9",
            "instance_initiated_shutdown_behavior": "stop",
            "instance_lifecycle": "",
            "instance_market_options": [],
            "instance_state": "running",
            "instance_type": "t3.large",
            "ipv6_address_count": 0,
            "ipv6_addresses": [],
            "key_name": "",
            "launch_template": [],
            "maintenance_options": [
              {
                "auto_recovery": "default"
              }
            ],
            "metadata_options": [
              {
                "http_endpoint": "enabled",
                "http_protocol_ipv6": "disabled",
                "http_put_response_hop_limit": 1,
                "http_tokens": "required",
                "instance_metadata_tags": "disabled"
              }
            ],
            "monitoring": true,
            "network_interface": [],
            "outpost_arn": "",
            "password_data": "",
            "placement_group": "",
            "placement_partition_number": 0,
            "primary_network_interface_id": "eni-0c1b5e40efd7fc859",
            "private_dns": "ip-10-0-0-37.ec2.internal",
            "private_dns_name_options": [
              {
                "enable_resource_name_dns_a_record": false,
                "enable_resource_name_dns_aaaa_record": false,
                "hostname_type": "ip-name"
              }
            ],
            "private_ip": "10.0.0.37",
            "public_dns": "ec2-54-157-121-63.compute-1.amazonaws.com",
            "public_ip": "54.157.121.63",
            "root_block_device": [
              {
                "delete_on_termination": true,
                "device_name": "/dev/xvda",
                "encrypted": true,
                "iops": 3000,
                "kms_key_id": "arn:aws:kms:us-east-1:650080740856:key/dce2dd01-c04e-493b-9ffd-8df0ec0c936d",
                "tags": {},
                "tags_all": {
                  "Environment": "dev",
                  "ManagedBy": "Terraform",
                  "Project": "SecurityOrchestrator"
                },
                "throughput": 125,
                "volume_id": "vol-056c6a74d6dd0ebb6",
                "volume_size": 30,
                "volume_type": "gp3"
              }
            ],
            "secondary_private_ips": [],
            "security_groups": [],
            "source_dest_check": true,
            "spot_instance_request_id": "",
            "subnet_id": "subnet-0fed8d8e9ddd38f7c",
            "tags": {
              "Name": "dev-pentester-agent"
            },
            "tags_all": {
              "Environment": "dev",
              "ManagedBy": "Terraform",
              "Name": "dev-pentester-agent",
              "Project": "SecurityOrchestrator"
            },
            "tenancy": "default",
            "timeouts": null,
            "user_data": "35ae5148521e513bd9d37c40dbc1a4840f3a9541",
            "user_data_base64": null,
            "user_data_replace_on_change": false,
            "volume_tags": null,
            "vpc_security_group_ids": [
              "sg-0ac653b5458e7f09d"
            ]
          },
          "sensitive_attributes": [],
          "private": "eyJlMmJmYjczMC1lY2FhLTExZTYtOGY4OC0zNDM2M2JjN2M0YzAiOnsiY3JlYXRlIjo2MDAwMDAwMDAwMDAsImRlbGV0ZSI6MTIwMDAwMDAwMDAwMCwicmVhZCI6OTAwMDAwMDAwMDAwLCJ1cGRhdGUiOjYwMDAwMDAwMDAwMH0sInNjaGVtYV92ZXJzaW9uIjoiMSJ9",
          "dependencies": [
            "aws_cloudwatch_event_bus.orchestrator",
            "aws_iam_instance_profile.pentester_ec2",
            "aws_iam_role.pentester_ec2",
            "aws_s3_bucket.agent_artifacts",
            "aws_s3_bucket.code_repos",
            "aws_s3_bucket.tool_outputs",
            "aws_security_group.pentester",
            "aws_sqs_queue.pentester_dlq",
            "aws_sqs_queue.pentester_jobs",
            "data.aws_ami.amazon_linux_2023",
            "data.aws_caller_identity.current"
          ]
        }
      ]
    },
    {
      "mode": "managed",
      "type": "aws_lambda_function",
      "name": "agent_implementer",
      "provider": "provider[\"registry.terraform.io/hashicorp/aws\"]",
      "instances": [
        {
          "schema_version": 0,
          "attributes": {
            "architectures": [
              "x86_64"
            ],
            "arn": "arn:aws:lambda:us-east-1:650080740856:function:dev-agent-implementer",
            "code_sha256": "DTtjLllxn2KB9L/hERvsJ8ahebIu3qWNrX9gnPHxAwc=",
            "code_signing_config_arn": "",
            "dead_letter_config": [],
            "description": "",
            "environment": [
              {
                "variables": {
                  "AGENT_ARTIFACTS_BUCKET": "dev-security-agent-artifacts-650080740856",
                  "ARTIFACTS_TABLE": "dev-security-artifacts",
                  "AURORA_SECRET_ARN": "arn:aws:secretsmanager:us-east-1:650080740856:secret:dev-aurora-credentials-bcAZk5",
                  "BEDROCK_MODEL_ID": "anthropic.claude-3-sonnet-20240229-v1:0",
                  "DATABASE_URL": "postgresql://postgres:jgk9nH4EWwhnatNQ31ss@vulniq-db-dev.ckz6aqg6853e.us-east-1.rds.amazonaws.com:5432/vulniq-db-de?sslmode=require",
                  "ENVIRONMENT": "dev",
                  "EVENT_BUS_NAME": "dev-security-orchestrator",
                  "RUNS_TABLE": "dev-security-runs"
                }
              }
            ],
            "ephemeral_storage": [
              {
                "size": 512
              }
            ],
            "file_system_config": [],
            "filename": "../lambda/agent-implementer.zip",
            "function_name": "dev-agent-implementer",
            "handler": "index.handler",
            "id": "dev-agent-implementer",
            "image_config": [],
            "image_uri": "",
            "invoke_arn": "arn:aws:apigateway:us-east-1:lambda:path/2015-03-31/functions/arn:aws:lambda:us-east-1:650080740856:function:dev-agent-implementer/invocations",
            "kms_key_arn": "",
            "last_modified": "2026-03-09T22:48:55.000+0000",
            "layers": [],
            "logging_config": [
              {
                "application_log_level": "",
                "log_format": "Text",
                "log_group": "/aws/lambda/dev-agent-implementer",
                "system_log_level": ""
              }
            ],
            "memory_size": 2048,
            "package_type": "Zip",
            "publish": false,
            "qualified_arn": "arn:aws:lambda:us-east-1:650080740856:function:dev-agent-implementer:$LATEST",
            "qualified_invoke_arn": "arn:aws:apigateway:us-east-1:lambda:path/2015-03-31/functions/arn:aws:lambda:us-east-1:650080740856:function:dev-agent-implementer:$LATEST/invocations",
            "replace_security_groups_on_destroy": null,
            "replacement_security_group_ids": null,
            "reserved_concurrent_executions": -1,
            "role": "arn:aws:iam::650080740856:role/dev-agent-lambda-role",
            "runtime": "python3.11",
            "s3_bucket": null,
            "s3_key": null,
            "s3_object_version": null,
            "signing_job_arn": "",
            "signing_profile_version_arn": "",
            "skip_destroy": false,
            "snap_start": [],
            "source_code_hash": "",
            "source_code_size": 20825337,
            "tags": {
              "Name": "dev-agent-implementer"
            },
            "tags_all": {
              "Environment": "dev",
              "ManagedBy": "Terraform",
              "Name": "dev-agent-implementer",
              "Project": "SecurityOrchestrator"
            },
            "timeout": 900,
            "timeouts": null,
            "tracing_config": [
              {
                "mode": "PassThrough"
              }
            ],
            "version": "$LATEST",
            "vpc_config": []
          },
          "sensitive_attributes": [
            [
              {
                "type": "get_attr",
                "value": "environment"
              },
              {
                "type": "index",
                "value": {
                  "value": 0,
                  "type": "number"
                }
              },
              {
                "type": "get_attr",
                "value": "variables"
              },
              {
                "type": "index",
                "value": {
                  "value": "DATABASE_URL",
                  "type": "string"
                }
              }
            ]
          ],
          "private": "eyJlMmJmYjczMC1lY2FhLTExZTYtOGY4OC0zNDM2M2JjN2M0YzAiOnsiY3JlYXRlIjo2MDAwMDAwMDAwMDAsImRlbGV0ZSI6NjAwMDAwMDAwMDAwLCJ1cGRhdGUiOjYwMDAwMDAwMDAwMH19",
          "dependencies": [
            "aws_cloudwatch_event_bus.orchestrator",
            "aws_dynamodb_table.artifacts",
            "aws_dynamodb_table.runs",
            "aws_iam_role.agent_lambda",
            "aws_s3_bucket.agent_artifacts",
            "aws_secretsmanager_secret.aurora_credentials",
            "data.aws_caller_identity.current"
          ]
        }
      ]
    },
    {
      "mode": "managed",
      "type": "aws_lambda_function",
      "name": "agent_reporter",
      "provider": "provider[\"registry.terraform.io/hashicorp/aws\"]",
      "instances": [
        {
          "schema_version": 0,
          "attributes": {
            "architectures": [
              "x86_64"
            ],
            "arn": "arn:aws:lambda:us-east-1:650080740856:function:dev-agent-reporter",
            "code_sha256": "ZLAzQwfI2ly7yKe/yEaf/19IyTyp5fy6Rvd3Q/FmBEk=",
            "code_signing_config_arn": "",
            "dead_letter_config": [],
            "description": "",
            "environment": [
              {
                "variables": {
                  "AGENT_ARTIFACTS_BUCKET": "dev-security-agent-artifacts-650080740856",
                  "ARTIFACTS_TABLE": "dev-security-artifacts",
                  "BEDROCK_MODEL_ID": "anthropic.claude-3-sonnet-20240229-v1:0",
                  "ENVIRONMENT": "dev",
                  "EVENT_BUS_NAME": "dev-security-orchestrator",
                  "RUNS_TABLE": "dev-security-runs"
                }
              }
            ],
            "ephemeral_storage": [
              {
                "size": 512
              }
            ],
            "file_system_config": [],
            "filename": "../lambda/agent-reporter.zip",
            "function_name": "dev-agent-reporter",
            "handler": "index.handler",
            "id": "dev-agent-reporter",
            "image_config": [],
            "image_uri": "",
            "invoke_arn": "arn:aws:apigateway:us-east-1:lambda:path/2015-03-31/functions/arn:aws:lambda:us-east-1:650080740856:function:dev-agent-reporter/invocations",
            "kms_key_arn": "",
            "last_modified": "2026-03-09T22:48:55.000+0000",
            "layers": [],
            "logging_config": [
              {
                "application_log_level": "",
                "log_format": "Text",
                "log_group": "/aws/lambda/dev-agent-reporter",
                "system_log_level": ""
              }
            ],
            "memory_size": 2048,
            "package_type": "Zip",
            "publish": false,
            "qualified_arn": "arn:aws:lambda:us-east-1:650080740856:function:dev-agent-reporter:$LATEST",
            "qualified_invoke_arn": "arn:aws:apigateway:us-east-1:lambda:path/2015-03-31/functions/arn:aws:lambda:us-east-1:650080740856:function:dev-agent-reporter:$LATEST/invocations",
            "replace_security_groups_on_destroy": null,
            "replacement_security_group_ids": null,
            "reserved_concurrent_executions": -1,
            "role": "arn:aws:iam::650080740856:role/dev-agent-lambda-role",
            "runtime": "python3.11",
            "s3_bucket": null,
            "s3_key": null,
            "s3_object_version": null,
            "signing_job_arn": "",
            "signing_profile_version_arn": "",
            "skip_destroy": false,
            "snap_start": [],
            "source_code_hash": "",
            "source_code_size": 11487444,
            "tags": {
              "Name": "dev-agent-reporter"
            },
            "tags_all": {
              "Environment": "dev",
              "ManagedBy": "Terraform",
              "Name": "dev-agent-reporter",
              "Project": "SecurityOrchestrator"
            },
            "timeout": 600,
            "timeouts": null,
            "tracing_config": [
              {
                "mode": "PassThrough"
              }
            ],
            "version": "$LATEST",
            "vpc_config": []
          },
          "sensitive_attributes": [],
          "private": "eyJlMmJmYjczMC1lY2FhLTExZTYtOGY4OC0zNDM2M2JjN2M0YzAiOnsiY3JlYXRlIjo2MDAwMDAwMDAwMDAsImRlbGV0ZSI6NjAwMDAwMDAwMDAwLCJ1cGRhdGUiOjYwMDAwMDAwMDAwMH19",
          "dependencies": [
            "aws_cloudwatch_event_bus.orchestrator",
            "aws_dynamodb_table.artifacts",
            "aws_dynamodb_table.runs",
            "aws_iam_role.agent_lambda",
            "aws_s3_bucket.agent_artifacts",
            "data.aws_caller_identity.current"
          ]
        }
      ]
    },
    {
      "mode": "managed",
      "type": "aws_lambda_function",
      "name": "agent_reviewer",
      "provider": "provider[\"registry.terraform.io/hashicorp/aws\"]",
      "instances": [
        {
          "schema_version": 0,
          "attributes": {
            "architectures": [
              "x86_64"
            ],
            "arn": "arn:aws:lambda:us-east-1:650080740856:function:dev-agent-reviewer",
            "code_sha256": "Lezdsf275ERTnRMYy8h1mhTbZk0pcyN/FVIEOWVNm2E=",
            "code_signing_config_arn": "",
            "dead_letter_config": [],
            "description": "",
            "environment": [
              {
                "variables": {
                  "AGENT_ARTIFACTS_BUCKET": "dev-security-agent-artifacts-650080740856",
                  "ARTIFACTS_TABLE": "dev-security-artifacts",
                  "AURORA_SECRET_ARN": "arn:aws:secretsmanager:us-east-1:650080740856:secret:dev-aurora-credentials-bcAZk5",
                  "BEDROCK_MODEL_ID": "anthropic.claude-3-sonnet-20240229-v1:0",
                  "DOCUMENTS_BUCKET": "vulniq-bucket-dev",
                  "ENVIRONMENT": "dev",
                  "EVENT_BUS_NAME": "dev-security-orchestrator",
                  "RUNS_TABLE": "dev-security-runs",
                  "TOOL_OUTPUTS_BUCKET": "dev-security-tool-outputs-650080740856"
                }
              }
            ],
            "ephemeral_storage": [
              {
                "size": 512
              }
            ],
            "file_system_config": [],
            "filename": "../lambda/agent-reviewer.zip",
            "function_name": "dev-agent-reviewer",
            "handler": "index.handler",
            "id": "dev-agent-reviewer",
            "image_config": [],
            "image_uri": "",
            "invoke_arn": "arn:aws:apigateway:us-east-1:lambda:path/2015-03-31/functions/arn:aws:lambda:us-east-1:650080740856:function:dev-agent-reviewer/invocations",
            "kms_key_arn": "",
            "last_modified": "2026-03-09T22:48:55.000+0000",
            "layers": [],
            "logging_config": [
              {
                "application_log_level": "",
                "log_format": "Text",
                "log_group": "/aws/lambda/dev-agent-reviewer",
                "system_log_level": ""
              }
            ],
            "memory_size": 2048,
            "package_type": "Zip",
            "publish": false,
            "qualified_arn": "arn:aws:lambda:us-east-1:650080740856:function:dev-agent-reviewer:$LATEST",
            "qualified_invoke_arn": "arn:aws:apigateway:us-east-1:lambda:path/2015-03-31/functions/arn:aws:lambda:us-east-1:650080740856:function:dev-agent-reviewer:$LATEST/invocations",
            "replace_security_groups_on_destroy": null,
            "replacement_security_group_ids": null,
            "reserved_concurrent_executions": -1,
            "role": "arn:aws:iam::650080740856:role/dev-agent-lambda-role",
            "runtime": "python3.11",
            "s3_bucket": null,
            "s3_key": null,
            "s3_object_version": null,
            "signing_job_arn": "",
            "signing_profile_version_arn": "",
            "skip_destroy": false,
            "snap_start": [],
            "source_code_hash": "",
            "source_code_size": 10553,
            "tags": {
              "Name": "dev-agent-reviewer"
            },
            "tags_all": {
              "Environment": "dev",
              "ManagedBy": "Terraform",
              "Name": "dev-agent-reviewer",
              "Project": "SecurityOrchestrator"
            },
            "timeout": 900,
            "timeouts": null,
            "tracing_config": [
              {
                "mode": "PassThrough"
              }
            ],
            "version": "$LATEST",
            "vpc_config": []
          },
          "sensitive_attributes": [],
          "private": "eyJlMmJmYjczMC1lY2FhLTExZTYtOGY4OC0zNDM2M2JjN2M0YzAiOnsiY3JlYXRlIjo2MDAwMDAwMDAwMDAsImRlbGV0ZSI6NjAwMDAwMDAwMDAwLCJ1cGRhdGUiOjYwMDAwMDAwMDAwMH19",
          "dependencies": [
            "aws_cloudwatch_event_bus.orchestrator",
            "aws_dynamodb_table.artifacts",
            "aws_dynamodb_table.runs",
            "aws_iam_role.agent_lambda",
            "aws_s3_bucket.agent_artifacts",
            "aws_s3_bucket.tool_outputs",
            "aws_secretsmanager_secret.aurora_credentials",
            "data.aws_caller_identity.current",
            "data.aws_s3_bucket.documents"
          ]
        }
      ]
    },
    {
      "mode": "managed",
      "type": "aws_lambda_function",
      "name": "agent_tester",
      "provider": "provider[\"registry.terraform.io/hashicorp/aws\"]",
      "instances": [
        {
          "schema_version": 0,
          "attributes": {
            "architectures": [
              "x86_64"
            ],
            "arn": "arn:aws:lambda:us-east-1:650080740856:function:dev-agent-tester",
            "code_sha256": "kmGrAoXPjUz9eqXfKrp15z+alEhFJaPkN43uuhVzmv0=",
            "code_signing_config_arn": "",
            "dead_letter_config": [],
            "description": "",
            "environment": [
              {
                "variables": {
                  "AGENT_ARTIFACTS_BUCKET": "dev-security-agent-artifacts-650080740856",
                  "ARTIFACTS_TABLE": "dev-security-artifacts",
                  "BEDROCK_MODEL_ID": "anthropic.claude-3-sonnet-20240229-v1:0",
                  "ENVIRONMENT": "dev",
                  "EVENT_BUS_NAME": "dev-security-orchestrator",
                  "RUNS_TABLE": "dev-security-runs",
                  "TESTER_FUNCTION_NAME": "dev-agent-tester"
                }
              }
            ],
            "ephemeral_storage": [
              {
                "size": 512
              }
            ],
            "file_system_config": [],
            "filename": "../lambda/agent-tester.zip",
            "function_name": "dev-agent-tester",
            "handler": "index.handler",
            "id": "dev-agent-tester",
            "image_config": [],
            "image_uri": "",
            "invoke_arn": "arn:aws:apigateway:us-east-1:lambda:path/2015-03-31/functions/arn:aws:lambda:us-east-1:650080740856:function:dev-agent-tester/invocations",
            "kms_key_arn": "",
            "last_modified": "2026-03-09T22:48:55.000+0000",
            "layers": [],
            "logging_config": [
              {
                "application_log_level": "",
                "log_format": "Text",
                "log_group": "/aws/lambda/dev-agent-tester",
                "system_log_level": ""
              }
            ],
            "memory_size": 2048,
            "package_type": "Zip",
            "publish": false,
            "qualified_arn": "arn:aws:lambda:us-east-1:650080740856:function:dev-agent-tester:$LATEST",
            "qualified_invoke_arn": "arn:aws:apigateway:us-east-1:lambda:path/2015-03-31/functions/arn:aws:lambda:us-east-1:650080740856:function:dev-agent-tester:$LATEST/invocations",
            "replace_security_groups_on_destroy": null,
            "replacement_security_group_ids": null,
            "reserved_concurrent_executions": -1,
            "role": "arn:aws:iam::650080740856:role/dev-agent-lambda-role",
            "runtime": "python3.11",
            "s3_bucket": null,
            "s3_key": null,
            "s3_object_version": null,
            "signing_job_arn": "",
            "signing_profile_version_arn": "",
            "skip_destroy": false,
            "snap_start": [],
            "source_code_hash": "",
            "source_code_size": 5145,
            "tags": {
              "Name": "dev-agent-tester"
            },
            "tags_all": {
              "Environment": "dev",
              "ManagedBy": "Terraform",
              "Name": "dev-agent-tester",
              "Project": "SecurityOrchestrator"
            },
            "timeout": 900,
            "timeouts": null,
            "tracing_config": [
              {
                "mode": "PassThrough"
              }
            ],
            "version": "$LATEST",
            "vpc_config": []
          },
          "sensitive_attributes": [],
          "private": "eyJlMmJmYjczMC1lY2FhLTExZTYtOGY4OC0zNDM2M2JjN2M0YzAiOnsiY3JlYXRlIjo2MDAwMDAwMDAwMDAsImRlbGV0ZSI6NjAwMDAwMDAwMDAwLCJ1cGRhdGUiOjYwMDAwMDAwMDAwMH19",
          "dependencies": [
            "aws_cloudwatch_event_bus.orchestrator",
            "aws_dynamodb_table.artifacts",
            "aws_dynamodb_table.runs",
            "aws_iam_role.agent_lambda",
            "aws_s3_bucket.agent_artifacts",
            "data.aws_caller_identity.current"
          ]
        }
      ]
    },
    {
      "mode": "managed",
      "type": "aws_lambda_function",
      "name": "event_streamer",
      "provider": "provider[\"registry.terraform.io/hashicorp/aws\"]",
      "instances": [
        {
          "schema_version": 0,
          "attributes": {
            "architectures": [
              "x86_64"
            ],
            "arn": "arn:aws:lambda:us-east-1:650080740856:function:dev-event-streamer",
            "code_sha256": "k/mc5mjyzuxbwv+lbnaWg594Q/olbG/D1NKUySzS/qU=",
            "code_signing_config_arn": "",
            "dead_letter_config": [],
            "description": "",
            "environment": [
              {
                "variables": {
                  "CONNECTIONS_TABLE": "dev-websocket-connections",
                  "ENVIRONMENT": "dev",
                  "WEBSOCKET_API_ENDPOINT": "wss://3fmmus9w1m.execute-api.us-east-1.amazonaws.com/dev"
                }
              }
            ],
            "ephemeral_storage": [
              {
                "size": 512
              }
            ],
            "file_system_config": [],
            "filename": "../lambda/event-streamer.zip",
            "function_name": "dev-event-streamer",
            "handler": "index.handler",
            "id": "dev-event-streamer",
            "image_config": [],
            "image_uri": "",
            "invoke_arn": "arn:aws:apigateway:us-east-1:lambda:path/2015-03-31/functions/arn:aws:lambda:us-east-1:650080740856:function:dev-event-streamer/invocations",
            "kms_key_arn": "",
            "last_modified": "2026-01-10T13:45:26.493+0000",
            "layers": [],
            "logging_config": [
              {
                "application_log_level": "",
                "log_format": "Text",
                "log_group": "/aws/lambda/dev-event-streamer",
                "system_log_level": ""
              }
            ],
            "memory_size": 256,
            "package_type": "Zip",
            "publish": false,
            "qualified_arn": "arn:aws:lambda:us-east-1:650080740856:function:dev-event-streamer:$LATEST",
            "qualified_invoke_arn": "arn:aws:apigateway:us-east-1:lambda:path/2015-03-31/functions/arn:aws:lambda:us-east-1:650080740856:function:dev-event-streamer:$LATEST/invocations",
            "replace_security_groups_on_destroy": null,
            "replacement_security_group_ids": null,
            "reserved_concurrent_executions": -1,
            "role": "arn:aws:iam::650080740856:role/dev-agent-lambda-role",
            "runtime": "python3.11",
            "s3_bucket": null,
            "s3_key": null,
            "s3_object_version": null,
            "signing_job_arn": "",
            "signing_profile_version_arn": "",
            "skip_destroy": false,
            "snap_start": [],
            "source_code_hash": "",
            "source_code_size": 343,
            "tags": {
              "Name": "dev-event-streamer"
            },
            "tags_all": {
              "Environment": "dev",
              "ManagedBy": "Terraform",
              "Name": "dev-event-streamer",
              "Project": "SecurityOrchestrator"
            },
            "timeout": 30,
            "timeouts": null,
            "tracing_config": [
              {
                "mode": "PassThrough"
              }
            ],
            "version": "$LATEST",
            "vpc_config": []
          },
          "sensitive_attributes": [],
          "private": "eyJlMmJmYjczMC1lY2FhLTExZTYtOGY4OC0zNDM2M2JjN2M0YzAiOnsiY3JlYXRlIjo2MDAwMDAwMDAwMDAsImRlbGV0ZSI6NjAwMDAwMDAwMDAwLCJ1cGRhdGUiOjYwMDAwMDAwMDAwMH19",
          "dependencies": [
            "aws_apigatewayv2_api.websocket",
            "aws_apigatewayv2_stage.websocket",
            "aws_dynamodb_table.websocket_connections",
            "aws_iam_role.agent_lambda"
          ]
        }
      ]
    },
    {
      "mode": "managed",
      "type": "aws_lambda_function",
      "name": "initialize_run",
      "provider": "provider[\"registry.terraform.io/hashicorp/aws\"]",
      "instances": [
        {
          "schema_version": 0,
          "attributes": {
            "architectures": [
              "x86_64"
            ],
            "arn": "arn:aws:lambda:us-east-1:650080740856:function:dev-initialize-run",
            "code_sha256": "d9t7C3Bk83UQq/0QUPMuHUsBHqV5jMyxBOHfe61aTkE=",
            "code_signing_config_arn": "",
            "dead_letter_config": [],
            "description": "",
            "environment": [
              {
                "variables": {
                  "AURORA_SECRET_ARN": "arn:aws:secretsmanager:us-east-1:650080740856:secret:dev-aurora-credentials-bcAZk5",
                  "CODE_REPOS_BUCKET": "dev-security-code-repos-650080740856",
                  "DOCUMENTS_BUCKET": "vulniq-bucket-dev",
                  "ENVIRONMENT": "dev",
                  "RUNS_TABLE": "dev-security-runs"
                }
              }
            ],
            "ephemeral_storage": [
              {
                "size": 512
              }
            ],
            "file_system_config": [],
            "filename": "../lambda/initialize-run.zip",
            "function_name": "dev-initialize-run",
            "handler": "index.handler",
            "id": "dev-initialize-run",
            "image_config": [],
            "image_uri": "",
            "invoke_arn": "arn:aws:apigateway:us-east-1:lambda:path/2015-03-31/functions/arn:aws:lambda:us-east-1:650080740856:function:dev-initialize-run/invocations",
            "kms_key_arn": "",
            "last_modified": "2026-03-09T22:48:55.000+0000",
            "layers": [],
            "logging_config": [
              {
                "application_log_level": "",
                "log_format": "Text",
                "log_group": "/aws/lambda/dev-initialize-run",
                "system_log_level": ""
              }
            ],
            "memory_size": 512,
            "package_type": "Zip",
            "publish": false,
            "qualified_arn": "arn:aws:lambda:us-east-1:650080740856:function:dev-initialize-run:$LATEST",
            "qualified_invoke_arn": "arn:aws:apigateway:us-east-1:lambda:path/2015-03-31/functions/arn:aws:lambda:us-east-1:650080740856:function:dev-initialize-run:$LATEST/invocations",
            "replace_security_groups_on_destroy": null,
            "replacement_security_group_ids": null,
            "reserved_concurrent_executions": -1,
            "role": "arn:aws:iam::650080740856:role/dev-agent-lambda-role",
            "runtime": "python3.11",
            "s3_bucket": null,
            "s3_key": null,
            "s3_object_version": null,
            "signing_job_arn": "",
            "signing_profile_version_arn": "",
            "skip_destroy": false,
            "snap_start": [],
            "source_code_hash": "",
            "source_code_size": 761,
            "tags": {
              "Name": "dev-initialize-run"
            },
            "tags_all": {
              "Environment": "dev",
              "ManagedBy": "Terraform",
              "Name": "dev-initialize-run",
              "Project": "SecurityOrchestrator"
            },
            "timeout": 60,
            "timeouts": null,
            "tracing_config": [
              {
                "mode": "PassThrough"
              }
            ],
            "version": "$LATEST",
            "vpc_config": []
          },
          "sensitive_attributes": [],
          "private": "eyJlMmJmYjczMC1lY2FhLTExZTYtOGY4OC0zNDM2M2JjN2M0YzAiOnsiY3JlYXRlIjo2MDAwMDAwMDAwMDAsImRlbGV0ZSI6NjAwMDAwMDAwMDAwLCJ1cGRhdGUiOjYwMDAwMDAwMDAwMH19",
          "dependencies": [
            "aws_dynamodb_table.runs",
            "aws_iam_role.agent_lambda",
            "aws_s3_bucket.code_repos",
            "aws_secretsmanager_secret.aurora_credentials",
            "data.aws_caller_identity.current",
            "data.aws_s3_bucket.documents"
          ]
        }
      ]
    },
    {
      "mode": "managed",
      "type": "aws_lambda_function",
      "name": "websocket_connect",
      "provider": "provider[\"registry.terraform.io/hashicorp/aws\"]",
      "instances": [
        {
          "schema_version": 0,
          "attributes": {
            "architectures": [
              "x86_64"
            ],
            "arn": "arn:aws:lambda:us-east-1:650080740856:function:dev-websocket-connect",
            "code_sha256": "k/mc5mjyzuxbwv+lbnaWg594Q/olbG/D1NKUySzS/qU=",
            "code_signing_config_arn": "",
            "dead_letter_config": [],
            "description": "",
            "environment": [
              {
                "variables": {
                  "CONNECTIONS_TABLE": "dev-websocket-connections",
                  "ENVIRONMENT": "dev"
                }
              }
            ],
            "ephemeral_storage": [
              {
                "size": 512
              }
            ],
            "file_system_config": [],
            "filename": "../lambda/websocket-connect.zip",
            "function_name": "dev-websocket-connect",
            "handler": "index.handler",
            "id": "dev-websocket-connect",
            "image_config": [],
            "image_uri": "",
            "invoke_arn": "arn:aws:apigateway:us-east-1:lambda:path/2015-03-31/functions/arn:aws:lambda:us-east-1:650080740856:function:dev-websocket-connect/invocations",
            "kms_key_arn": "",
            "last_modified": "2026-01-10T13:45:19.854+0000",
            "layers": [],
            "logging_config": [
              {
                "application_log_level": "",
                "log_format": "Text",
                "log_group": "/aws/lambda/dev-websocket-connect",
                "system_log_level": ""
              }
            ],
            "memory_size": 256,
            "package_type": "Zip",
            "publish": false,
            "qualified_arn": "arn:aws:lambda:us-east-1:650080740856:function:dev-websocket-connect:$LATEST",
            "qualified_invoke_arn": "arn:aws:apigateway:us-east-1:lambda:path/2015-03-31/functions/arn:aws:lambda:us-east-1:650080740856:function:dev-websocket-connect:$LATEST/invocations",
            "replace_security_groups_on_destroy": null,
            "replacement_security_group_ids": null,
            "reserved_concurrent_executions": -1,
            "role": "arn:aws:iam::650080740856:role/dev-agent-lambda-role",
            "runtime": "python3.11",
            "s3_bucket": null,
            "s3_key": null,
            "s3_object_version": null,
            "signing_job_arn": "",
            "signing_profile_version_arn": "",
            "skip_destroy": false,
            "snap_start": [],
            "source_code_hash": "",
            "source_code_size": 343,
            "tags": {
              "Name": "dev-websocket-connect"
            },
            "tags_all": {
              "Environment": "dev",
              "ManagedBy": "Terraform",
              "Name": "dev-websocket-connect",
              "Project": "SecurityOrchestrator"
            },
            "timeout": 30,
            "timeouts": null,
            "tracing_config": [
              {
                "mode": "PassThrough"
              }
            ],
            "version": "$LATEST",
            "vpc_config": []
          },
          "sensitive_attributes": [],
          "private": "eyJlMmJmYjczMC1lY2FhLTExZTYtOGY4OC0zNDM2M2JjN2M0YzAiOnsiY3JlYXRlIjo2MDAwMDAwMDAwMDAsImRlbGV0ZSI6NjAwMDAwMDAwMDAwLCJ1cGRhdGUiOjYwMDAwMDAwMDAwMH19",
          "dependencies": [
            "aws_dynamodb_table.websocket_connections",
            "aws_iam_role.agent_lambda"
          ]
        }
      ]
    },
    {
      "mode": "managed",
      "type": "aws_lambda_function",
      "name": "websocket_disconnect",
      "provider": "provider[\"registry.terraform.io/hashicorp/aws\"]",
      "instances": [
        {
          "schema_version": 0,
          "attributes": {
            "architectures": [
              "x86_64"
            ],
            "arn": "arn:aws:lambda:us-east-1:650080740856:function:dev-websocket-disconnect",
            "code_sha256": "k/mc5mjyzuxbwv+lbnaWg594Q/olbG/D1NKUySzS/qU=",
            "code_signing_config_arn": "",
            "dead_letter_config": [],
            "description": "",
            "environment": [
              {
                "variables": {
                  "CONNECTIONS_TABLE": "dev-websocket-connections",
                  "ENVIRONMENT": "dev"
                }
              }
            ],
            "ephemeral_storage": [
              {
                "size": 512
              }
            ],
            "file_system_config": [],
            "filename": "../lambda/websocket-disconnect.zip",
            "function_name": "dev-websocket-disconnect",
            "handler": "index.handler",
            "id": "dev-websocket-disconnect",
            "image_config": [],
            "image_uri": "",
            "invoke_arn": "arn:aws:apigateway:us-east-1:lambda:path/2015-03-31/functions/arn:aws:lambda:us-east-1:650080740856:function:dev-websocket-disconnect/invocations",
            "kms_key_arn": "",
            "last_modified": "2026-01-10T13:45:58.416+0000",
            "layers": [],
            "logging_config": [
              {
                "application_log_level": "",
                "log_format": "Text",
                "log_group": "/aws/lambda/dev-websocket-disconnect",
                "system_log_level": ""
              }
            ],
            "memory_size": 256,
            "package_type": "Zip",
            "publish": false,
            "qualified_arn": "arn:aws:lambda:us-east-1:650080740856:function:dev-websocket-disconnect:$LATEST",
            "qualified_invoke_arn": "arn:aws:apigateway:us-east-1:lambda:path/2015-03-31/functions/arn:aws:lambda:us-east-1:650080740856:function:dev-websocket-disconnect:$LATEST/invocations",
            "replace_security_groups_on_destroy": null,
            "replacement_security_group_ids": null,
            "reserved_concurrent_executions": -1,
            "role": "arn:aws:iam::650080740856:role/dev-agent-lambda-role",
            "runtime": "python3.11",
            "s3_bucket": null,
            "s3_key": null,
            "s3_object_version": null,
            "signing_job_arn": "",
            "signing_profile_version_arn": "",
            "skip_destroy": false,
            "snap_start": [],
            "source_code_hash": "",
            "source_code_size": 343,
            "tags": {
              "Name": "dev-websocket-disconnect"
            },
            "tags_all": {
              "Environment": "dev",
              "ManagedBy": "Terraform",
              "Name": "dev-websocket-disconnect",
              "Project": "SecurityOrchestrator"
            },
            "timeout": 30,
            "timeouts": null,
            "tracing_config": [
              {
                "mode": "PassThrough"
              }
            ],
            "version": "$LATEST",
            "vpc_config": []
          },
          "sensitive_attributes": [],
          "private": "eyJlMmJmYjczMC1lY2FhLTExZTYtOGY4OC0zNDM2M2JjN2M0YzAiOnsiY3JlYXRlIjo2MDAwMDAwMDAwMDAsImRlbGV0ZSI6NjAwMDAwMDAwMDAwLCJ1cGRhdGUiOjYwMDAwMDAwMDAwMH19",
          "dependencies": [
            "aws_dynamodb_table.websocket_connections",
            "aws_iam_role.agent_lambda"
          ]
        }
      ]
    },
    {
      "mode": "managed",
      "type": "aws_lambda_function",
      "name": "websocket_message",
      "provider": "provider[\"registry.terraform.io/hashicorp/aws\"]",
      "instances": [
        {
          "schema_version": 0,
          "attributes": {
            "architectures": [
              "x86_64"
            ],
            "arn": "arn:aws:lambda:us-east-1:650080740856:function:dev-websocket-message",
            "code_sha256": "k/mc5mjyzuxbwv+lbnaWg594Q/olbG/D1NKUySzS/qU=",
            "code_signing_config_arn": "",
            "dead_letter_config": [],
            "description": "",
            "environment": [
              {
                "variables": {
                  "CONNECTIONS_TABLE": "dev-websocket-connections",
                  "ENVIRONMENT": "dev",
                  "RUNS_TABLE": "dev-security-runs"
                }
              }
            ],
            "ephemeral_storage": [
              {
                "size": 512
              }
            ],
            "file_system_config": [],
            "filename": "../lambda/websocket-message.zip",
            "function_name": "dev-websocket-message",
            "handler": "index.handler",
            "id": "dev-websocket-message",
            "image_config": [],
            "image_uri": "",
            "invoke_arn": "arn:aws:apigateway:us-east-1:lambda:path/2015-03-31/functions/arn:aws:lambda:us-east-1:650080740856:function:dev-websocket-message/invocations",
            "kms_key_arn": "",
            "last_modified": "2026-01-10T13:45:32.829+0000",
            "layers": [],
            "logging_config": [
              {
                "application_log_level": "",
                "log_format": "Text",
                "log_group": "/aws/lambda/dev-websocket-message",
                "system_log_level": ""
              }
            ],
            "memory_size": 256,
            "package_type": "Zip",
            "publish": false,
            "qualified_arn": "arn:aws:lambda:us-east-1:650080740856:function:dev-websocket-message:$LATEST",
            "qualified_invoke_arn": "arn:aws:apigateway:us-east-1:lambda:path/2015-03-31/functions/arn:aws:lambda:us-east-1:650080740856:function:dev-websocket-message:$LATEST/invocations",
            "replace_security_groups_on_destroy": null,
            "replacement_security_group_ids": null,
            "reserved_concurrent_executions": -1,
            "role": "arn:aws:iam::650080740856:role/dev-agent-lambda-role",
            "runtime": "python3.11",
            "s3_bucket": null,
            "s3_key": null,
            "s3_object_version": null,
            "signing_job_arn": "",
            "signing_profile_version_arn": "",
            "skip_destroy": false,
            "snap_start": [],
            "source_code_hash": "",
            "source_code_size": 343,
            "tags": {
              "Name": "dev-websocket-message"
            },
            "tags_all": {
              "Environment": "dev",
              "ManagedBy": "Terraform",
              "Name": "dev-websocket-message",
              "Project": "SecurityOrchestrator"
            },
            "timeout": 30,
            "timeouts": null,
            "tracing_config": [
              {
                "mode": "PassThrough"
              }
            ],
            "version": "$LATEST",
            "vpc_config": []
          },
          "sensitive_attributes": [],
          "private": "eyJlMmJmYjczMC1lY2FhLTExZTYtOGY4OC0zNDM2M2JjN2M0YzAiOnsiY3JlYXRlIjo2MDAwMDAwMDAwMDAsImRlbGV0ZSI6NjAwMDAwMDAwMDAwLCJ1cGRhdGUiOjYwMDAwMDAwMDAwMH19",
          "dependencies": [
            "aws_dynamodb_table.runs",
            "aws_dynamodb_table.websocket_connections",
            "aws_iam_role.agent_lambda"
          ]
        }
      ]
    },
    {
      "mode": "managed",
      "type": "aws_lambda_permission",
      "name": "event_streamer",
      "provider": "provider[\"registry.terraform.io/hashicorp/aws\"]",
      "instances": [
        {
          "schema_version": 0,
          "attributes": {
            "action": "lambda:InvokeFunction",
            "event_source_token": null,
            "function_name": "dev-event-streamer",
            "function_url_auth_type": null,
            "id": "AllowEventBridgeInvoke",
            "principal": "events.amazonaws.com",
            "principal_org_id": null,
            "qualifier": "",
            "source_account": null,
            "source_arn": "arn:aws:events:us-east-1:650080740856:rule/dev-security-orchestrator/dev-stream-to-websocket",
            "statement_id": "AllowEventBridgeInvoke",
            "statement_id_prefix": ""
          },
          "sensitive_attributes": [],
          "private": "bnVsbA==",
          "dependencies": [
            "aws_apigatewayv2_api.websocket",
            "aws_apigatewayv2_stage.websocket",
            "aws_cloudwatch_event_bus.orchestrator",
            "aws_cloudwatch_event_rule.stream_to_websocket",
            "aws_dynamodb_table.websocket_connections",
            "aws_iam_role.agent_lambda",
            "aws_lambda_function.event_streamer"
          ]
        }
      ]
    },
    {
      "mode": "managed",
      "type": "aws_lambda_permission",
      "name": "websocket_connect",
      "provider": "provider[\"registry.terraform.io/hashicorp/aws\"]",
      "instances": [
        {
          "schema_version": 0,
          "attributes": {
            "action": "lambda:InvokeFunction",
            "event_source_token": null,
            "function_name": "dev-websocket-connect",
            "function_url_auth_type": null,
            "id": "AllowAPIGatewayInvoke",
            "principal": "apigateway.amazonaws.com",
            "principal_org_id": null,
            "qualifier": "",
            "source_account": null,
            "source_arn": "arn:aws:execute-api:us-east-1:650080740856:3fmmus9w1m/*/*",
            "statement_id": "AllowAPIGatewayInvoke",
            "statement_id_prefix": ""
          },
          "sensitive_attributes": [],
          "private": "bnVsbA==",
          "dependencies": [
            "aws_apigatewayv2_api.websocket",
            "aws_dynamodb_table.websocket_connections",
            "aws_iam_role.agent_lambda",
            "aws_lambda_function.websocket_connect"
          ]
        }
      ]
    },
    {
      "mode": "managed",
      "type": "aws_lambda_permission",
      "name": "websocket_disconnect",
      "provider": "provider[\"registry.terraform.io/hashicorp/aws\"]",
      "instances": [
        {
          "schema_version": 0,
          "attributes": {
            "action": "lambda:InvokeFunction",
            "event_source_token": null,
            "function_name": "dev-websocket-disconnect",
            "function_url_auth_type": null,
            "id": "AllowAPIGatewayInvoke",
            "principal": "apigateway.amazonaws.com",
            "principal_org_id": null,
            "qualifier": "",
            "source_account": null,
            "source_arn": "arn:aws:execute-api:us-east-1:650080740856:3fmmus9w1m/*/*",
            "statement_id": "AllowAPIGatewayInvoke",
            "statement_id_prefix": ""
          },
          "sensitive_attributes": [],
          "private": "bnVsbA==",
          "dependencies": [
            "aws_apigatewayv2_api.websocket",
            "aws_dynamodb_table.websocket_connections",
            "aws_iam_role.agent_lambda",
            "aws_lambda_function.websocket_disconnect"
          ]
        }
      ]
    },
    {
      "mode": "managed",
      "type": "aws_lambda_permission",
      "name": "websocket_message",
      "provider": "provider[\"registry.terraform.io/hashicorp/aws\"]",
      "instances": [
        {
          "schema_version": 0,
          "attributes": {
            "action": "lambda:InvokeFunction",
            "event_source_token": null,
            "function_name": "dev-websocket-message",
            "function_url_auth_type": null,
            "id": "AllowAPIGatewayInvoke",
            "principal": "apigateway.amazonaws.com",
            "principal_org_id": null,
            "qualifier": "",
            "source_account": null,
            "source_arn": "arn:aws:execute-api:us-east-1:650080740856:3fmmus9w1m/*/*",
            "statement_id": "AllowAPIGatewayInvoke",
            "statement_id_prefix": ""
          },
          "sensitive_attributes": [],
          "private": "bnVsbA==",
          "dependencies": [
            "aws_apigatewayv2_api.websocket",
            "aws_dynamodb_table.runs",
            "aws_dynamodb_table.websocket_connections",
            "aws_iam_role.agent_lambda",
            "aws_lambda_function.websocket_message"
          ]
        }
      ]
    },
    {
      "mode": "managed",
      "type": "aws_opensearchserverless_access_policy",
      "name": "data_access",
      "provider": "provider[\"registry.terraform.io/hashicorp/aws\"]",
      "instances": [
        {
          "schema_version": 0,
          "attributes": {
            "description": null,
            "id": "dev-rag-access",
            "name": "dev-rag-access",
            "policy": "[{\"Principal\":[\"arn:aws:iam::650080740856:role/dev-agent-lambda-role\",\"arn:aws:iam::650080740856:role/dev-bedrock-kb-role\",\"arn:aws:iam::650080740856:user/iam-acces-user-deploy\"],\"Rules\":[{\"Permission\":[\"aoss:CreateCollectionItems\",\"aoss:DeleteCollectionItems\",\"aoss:UpdateCollectionItems\",\"aoss:DescribeCollectionItems\"],\"Resource\":[\"collection/dev-rag-vectors\"],\"ResourceType\":\"collection\"},{\"Permission\":[\"aoss:CreateIndex\",\"aoss:DeleteIndex\",\"aoss:UpdateIndex\",\"aoss:DescribeIndex\",\"aoss:ReadDocument\",\"aoss:WriteDocument\"],\"Resource\":[\"index/dev-rag-vectors/*\"],\"ResourceType\":\"index\"}]}]",
            "policy_version": "MTc2ODA4ODg5MzM3N18y",
            "type": "data"
          },
          "sensitive_attributes": [],
          "dependencies": [
            "aws_iam_role.agent_lambda",
            "aws_iam_role.bedrock_kb",
            "data.aws_caller_identity.current"
          ]
        }
      ]
    },
    {
      "mode": "managed",
      "type": "aws_opensearchserverless_collection",
      "name": "rag_vectors",
      "provider": "provider[\"registry.terraform.io/hashicorp/aws\"]",
      "instances": [
        {
          "schema_version": 0,
          "attributes": {
            "arn": "arn:aws:aoss:us-east-1:650080740856:collection/hu22wmd1vmdqe7er61va",
            "collection_endpoint": "https://hu22wmd1vmdqe7er61va.us-east-1.aoss.amazonaws.com",
            "dashboard_endpoint": "https://hu22wmd1vmdqe7er61va.us-east-1.aoss.amazonaws.com/_dashboards",
            "description": null,
            "id": "hu22wmd1vmdqe7er61va",
            "kms_key_arn": "auto",
            "name": "dev-rag-vectors",
            "standby_replicas": "ENABLED",
            "tags": {
              "Name": "dev-rag-vectors"
            },
            "tags_all": {
              "Environment": "dev",
              "ManagedBy": "Terraform",
              "Name": "dev-rag-vectors",
              "Project": "SecurityOrchestrator"
            },
            "timeouts": null,
            "type": "VECTORSEARCH"
          },
          "sensitive_attributes": [],
          "dependencies": [
            "aws_opensearchserverless_security_policy.encryption",
            "aws_opensearchserverless_security_policy.network"
          ]
        }
      ]
    },
    {
      "mode": "managed",
      "type": "aws_opensearchserverless_security_policy",
      "name": "encryption",
      "provider": "provider[\"registry.terraform.io/hashicorp/aws\"]",
      "instances": [
        {
          "schema_version": 0,
          "attributes": {
            "description": null,
            "id": "dev-rag-encryption",
            "name": "dev-rag-encryption",
            "policy": "{\"AWSOwnedKey\":true,\"Rules\":[{\"Resource\":[\"collection/dev-rag-vectors\"],\"ResourceType\":\"collection\"}]}",
            "policy_version": "MTc2ODA4ODE2NzE0OV8x",
            "type": "encryption"
          },
          "sensitive_attributes": []
        }
      ]
    },
    {
      "mode": "managed",
      "type": "aws_opensearchserverless_security_policy",
      "name": "network",
      "provider": "provider[\"registry.terraform.io/hashicorp/aws\"]",
      "instances": [
        {
          "schema_version": 0,
          "attributes": {
            "description": null,
            "id": "dev-rag-network",
            "name": "dev-rag-network",
            "policy": "[{\"AllowFromPublic\":true,\"Rules\":[{\"Resource\":[\"collection/dev-rag-vectors\"],\"ResourceType\":\"collection\"}]}]",
            "policy_version": "MTc2ODA4ODE2NzEyN18x",
            "type": "network"
          },
          "sensitive_attributes": []
        }
      ]
    },
    {
      "mode": "managed",
      "type": "aws_s3_bucket",
      "name": "agent_artifacts",
      "provider": "provider[\"registry.terraform.io/hashicorp/aws\"]",
      "instances": [
        {
          "schema_version": 0,
          "attributes": {
            "acceleration_status": "",
            "acl": null,
            "arn": "arn:aws:s3:::dev-security-agent-artifacts-650080740856",
            "bucket": "dev-security-agent-artifacts-650080740856",
            "bucket_domain_name": "dev-security-agent-artifacts-650080740856.s3.amazonaws.com",
            "bucket_prefix": "",
            "bucket_regional_domain_name": "dev-security-agent-artifacts-650080740856.s3.us-east-1.amazonaws.com",
            "cors_rule": [],
            "force_destroy": false,
            "grant": [
              {
                "id": "5055e0d223924bc623c0fabdcf04124e089f8fb55c73fa0c0428e9c911991b43",
                "permissions": [
                  "FULL_CONTROL"
                ],
                "type": "CanonicalUser",
                "uri": ""
              }
            ],
            "hosted_zone_id": "Z3AQBSTGFYJSTF",
            "id": "dev-security-agent-artifacts-650080740856",
            "lifecycle_rule": [],
            "logging": [],
            "object_lock_configuration": [],
            "object_lock_enabled": false,
            "policy": "",
            "region": "us-east-1",
            "replication_configuration": [],
            "request_payer": "BucketOwner",
            "server_side_encryption_configuration": [
              {
                "rule": [
                  {
                    "apply_server_side_encryption_by_default": [
                      {
                        "kms_master_key_id": "",
                        "sse_algorithm": "AES256"
                      }
                    ],
                    "bucket_key_enabled": false
                  }
                ]
              }
            ],
            "tags": {
              "Name": "dev-agent-artifacts"
            },
            "tags_all": {
              "Environment": "dev",
              "ManagedBy": "Terraform",
              "Name": "dev-agent-artifacts",
              "Project": "SecurityOrchestrator"
            },
            "timeouts": null,
            "versioning": [
              {
                "enabled": true,
                "mfa_delete": false
              }
            ],
            "website": [],
            "website_domain": null,
            "website_endpoint": null
          },
          "sensitive_attributes": [],
          "private": "eyJlMmJmYjczMC1lY2FhLTExZTYtOGY4OC0zNDM2M2JjN2M0YzAiOnsiY3JlYXRlIjoxMjAwMDAwMDAwMDAwLCJkZWxldGUiOjM2MDAwMDAwMDAwMDAsInJlYWQiOjEyMDAwMDAwMDAwMDAsInVwZGF0ZSI6MTIwMDAwMDAwMDAwMH19",
          "dependencies": [
            "data.aws_caller_identity.current"
          ]
        }
      ]
    },
    {
      "mode": "managed",
      "type": "aws_s3_bucket",
      "name": "code_repos",
      "provider": "provider[\"registry.terraform.io/hashicorp/aws\"]",
      "instances": [
        {
          "schema_version": 0,
          "attributes": {
            "acceleration_status": "",
            "acl": null,
            "arn": "arn:aws:s3:::dev-security-code-repos-650080740856",
            "bucket": "dev-security-code-repos-650080740856",
            "bucket_domain_name": "dev-security-code-repos-650080740856.s3.amazonaws.com",
            "bucket_prefix": "",
            "bucket_regional_domain_name": "dev-security-code-repos-650080740856.s3.us-east-1.amazonaws.com",
            "cors_rule": [],
            "force_destroy": false,
            "grant": [
              {
                "id": "5055e0d223924bc623c0fabdcf04124e089f8fb55c73fa0c0428e9c911991b43",
                "permissions": [
                  "FULL_CONTROL"
                ],
                "type": "CanonicalUser",
                "uri": ""
              }
            ],
            "hosted_zone_id": "Z3AQBSTGFYJSTF",
            "id": "dev-security-code-repos-650080740856",
            "lifecycle_rule": [
              {
                "abort_incomplete_multipart_upload_days": 0,
                "enabled": true,
                "expiration": [
                  {
                    "date": "",
                    "days": 7,
                    "expired_object_delete_marker": false
                  }
                ],
                "id": "delete-old-repos",
                "noncurrent_version_expiration": [],
                "noncurrent_version_transition": [],
                "prefix": "",
                "tags": {},
                "transition": []
              }
            ],
            "logging": [],
            "object_lock_configuration": [],
            "object_lock_enabled": false,
            "policy": "",
            "region": "us-east-1",
            "replication_configuration": [],
            "request_payer": "BucketOwner",
            "server_side_encryption_configuration": [
              {
                "rule": [
                  {
                    "apply_server_side_encryption_by_default": [
                      {
                        "kms_master_key_id": "",
                        "sse_algorithm": "AES256"
                      }
                    ],
                    "bucket_key_enabled": false
                  }
                ]
              }
            ],
            "tags": {
              "Name": "dev-code-repos"
            },
            "tags_all": {
              "Environment": "dev",
              "ManagedBy": "Terraform",
              "Name": "dev-code-repos",
              "Project": "SecurityOrchestrator"
            },
            "timeouts": null,
            "versioning": [
              {
                "enabled": true,
                "mfa_delete": false
              }
            ],
            "website": [],
            "website_domain": null,
            "website_endpoint": null
          },
          "sensitive_attributes": [],
          "private": "eyJlMmJmYjczMC1lY2FhLTExZTYtOGY4OC0zNDM2M2JjN2M0YzAiOnsiY3JlYXRlIjoxMjAwMDAwMDAwMDAwLCJkZWxldGUiOjM2MDAwMDAwMDAwMDAsInJlYWQiOjEyMDAwMDAwMDAwMDAsInVwZGF0ZSI6MTIwMDAwMDAwMDAwMH19",
          "dependencies": [
            "data.aws_caller_identity.current"
          ]
        }
      ]
    },
    {
      "mode": "managed",
      "type": "aws_s3_bucket",
      "name": "tool_outputs",
      "provider": "provider[\"registry.terraform.io/hashicorp/aws\"]",
      "instances": [
        {
          "schema_version": 0,
          "attributes": {
            "acceleration_status": "",
            "acl": null,
            "arn": "arn:aws:s3:::dev-security-tool-outputs-650080740856",
            "bucket": "dev-security-tool-outputs-650080740856",
            "bucket_domain_name": "dev-security-tool-outputs-650080740856.s3.amazonaws.com",
            "bucket_prefix": "",
            "bucket_regional_domain_name": "dev-security-tool-outputs-650080740856.s3.us-east-1.amazonaws.com",
            "cors_rule": [],
            "force_destroy": false,
            "grant": [
              {
                "id": "5055e0d223924bc623c0fabdcf04124e089f8fb55c73fa0c0428e9c911991b43",
                "permissions": [
                  "FULL_CONTROL"
                ],
                "type": "CanonicalUser",
                "uri": ""
              }
            ],
            "hosted_zone_id": "Z3AQBSTGFYJSTF",
            "id": "dev-security-tool-outputs-650080740856",
            "lifecycle_rule": [
              {
                "abort_incomplete_multipart_upload_days": 0,
                "enabled": true,
                "expiration": [],
                "id": "archive-old-outputs",
                "noncurrent_version_expiration": [],
                "noncurrent_version_transition": [],
                "prefix": "",
                "tags": {},
                "transition": [
                  {
                    "date": "",
                    "days": 30,
                    "storage_class": "INTELLIGENT_TIERING"
                  },
                  {
                    "date": "",
                    "days": 90,
                    "storage_class": "GLACIER_IR"
                  }
                ]
              }
            ],
            "logging": [],
            "object_lock_configuration": [],
            "object_lock_enabled": false,
            "policy": "",
            "region": "us-east-1",
            "replication_configuration": [],
            "request_payer": "BucketOwner",
            "server_side_encryption_configuration": [
              {
                "rule": [
                  {
                    "apply_server_side_encryption_by_default": [
                      {
                        "kms_master_key_id": "",
                        "sse_algorithm": "AES256"
                      }
                    ],
                    "bucket_key_enabled": false
                  }
                ]
              }
            ],
            "tags": {
              "Name": "dev-tool-outputs"
            },
            "tags_all": {
              "Environment": "dev",
              "ManagedBy": "Terraform",
              "Name": "dev-tool-outputs",
              "Project": "SecurityOrchestrator"
            },
            "timeouts": null,
            "versioning": [
              {
                "enabled": true,
                "mfa_delete": false
              }
            ],
            "website": [],
            "website_domain": null,
            "website_endpoint": null
          },
          "sensitive_attributes": [],
          "private": "eyJlMmJmYjczMC1lY2FhLTExZTYtOGY4OC0zNDM2M2JjN2M0YzAiOnsiY3JlYXRlIjoxMjAwMDAwMDAwMDAwLCJkZWxldGUiOjM2MDAwMDAwMDAwMDAsInJlYWQiOjEyMDAwMDAwMDAwMDAsInVwZGF0ZSI6MTIwMDAwMDAwMDAwMH19",
          "dependencies": [
            "data.aws_caller_identity.current"
          ]
        }
      ]
    },
    {
      "mode": "managed",
      "type": "aws_s3_bucket_lifecycle_configuration",
      "name": "code_repos",
      "provider": "provider[\"registry.terraform.io/hashicorp/aws\"]",
      "instances": [
        {
          "schema_version": 1,
          "attributes": {
            "bucket": "dev-security-code-repos-650080740856",
            "expected_bucket_owner": "",
            "id": "dev-security-code-repos-650080740856",
            "rule": [
              {
                "abort_incomplete_multipart_upload": [],
                "expiration": [
                  {
                    "date": null,
                    "days": 7,
                    "expired_object_delete_marker": false
                  }
                ],
                "filter": [
                  {
                    "and": [],
                    "object_size_greater_than": null,
                    "object_size_less_than": null,
                    "prefix": "",
                    "tag": []
                  }
                ],
                "id": "delete-old-repos",
                "noncurrent_version_expiration": [],
                "noncurrent_version_transition": [],
                "prefix": "",
                "status": "Enabled",
                "transition": []
              }
            ],
            "timeouts": null,
            "transition_default_minimum_object_size": "all_storage_classes_128K"
          },
          "sensitive_attributes": [],
          "dependencies": [
            "aws_s3_bucket.code_repos",
            "data.aws_caller_identity.current"
          ]
        }
      ]
    },
    {
      "mode": "managed",
      "type": "aws_s3_bucket_lifecycle_configuration",
      "name": "tool_outputs",
      "provider": "provider[\"registry.terraform.io/hashicorp/aws\"]",
      "instances": [
        {
          "schema_version": 1,
          "attributes": {
            "bucket": "dev-security-tool-outputs-650080740856",
            "expected_bucket_owner": "",
            "id": "dev-security-tool-outputs-650080740856",
            "rule": [
              {
                "abort_incomplete_multipart_upload": [],
                "expiration": [],
                "filter": [
                  {
                    "and": [],
                    "object_size_greater_than": null,
                    "object_size_less_than": null,
                    "prefix": "",
                    "tag": []
                  }
                ],
                "id": "archive-old-outputs",
                "noncurrent_version_expiration": [],
                "noncurrent_version_transition": [],
                "prefix": "",
                "status": "Enabled",
                "transition": [
                  {
                    "date": null,
                    "days": 30,
                    "storage_class": "INTELLIGENT_TIERING"
                  },
                  {
                    "date": null,
                    "days": 90,
                    "storage_class": "GLACIER_IR"
                  }
                ]
              }
            ],
            "timeouts": null,
            "transition_default_minimum_object_size": "all_storage_classes_128K"
          },
          "sensitive_attributes": [],
          "dependencies": [
            "aws_s3_bucket.tool_outputs",
            "data.aws_caller_identity.current"
          ]
        }
      ]
    },
    {
      "mode": "managed",
      "type": "aws_s3_bucket_server_side_encryption_configuration",
      "name": "agent_artifacts",
      "provider": "provider[\"registry.terraform.io/hashicorp/aws\"]",
      "instances": [
        {
          "schema_version": 0,
          "attributes": {
            "bucket": "dev-security-agent-artifacts-650080740856",
            "expected_bucket_owner": "",
            "id": "dev-security-agent-artifacts-650080740856",
            "rule": [
              {
                "apply_server_side_encryption_by_default": [
                  {
                    "kms_master_key_id": "",
                    "sse_algorithm": "AES256"
                  }
                ],
                "bucket_key_enabled": false
              }
            ]
          },
          "sensitive_attributes": [],
          "private": "bnVsbA==",
          "dependencies": [
            "aws_s3_bucket.agent_artifacts",
            "data.aws_caller_identity.current"
          ]
        }
      ]
    },
    {
      "mode": "managed",
      "type": "aws_s3_bucket_server_side_encryption_configuration",
      "name": "code_repos",
      "provider": "provider[\"registry.terraform.io/hashicorp/aws\"]",
      "instances": [
        {
          "schema_version": 0,
          "attributes": {
            "bucket": "dev-security-code-repos-650080740856",
            "expected_bucket_owner": "",
            "id": "dev-security-code-repos-650080740856",
            "rule": [
              {
                "apply_server_side_encryption_by_default": [
                  {
                    "kms_master_key_id": "",
                    "sse_algorithm": "AES256"
                  }
                ],
                "bucket_key_enabled": false
              }
            ]
          },
          "sensitive_attributes": [],
          "private": "bnVsbA==",
          "dependencies": [
            "aws_s3_bucket.code_repos",
            "data.aws_caller_identity.current"
          ]
        }
      ]
    },
    {
      "mode": "managed",
      "type": "aws_s3_bucket_server_side_encryption_configuration",
      "name": "tool_outputs",
      "provider": "provider[\"registry.terraform.io/hashicorp/aws\"]",
      "instances": [
        {
          "schema_version": 0,
          "attributes": {
            "bucket": "dev-security-tool-outputs-650080740856",
            "expected_bucket_owner": "",
            "id": "dev-security-tool-outputs-650080740856",
            "rule": [
              {
                "apply_server_side_encryption_by_default": [
                  {
                    "kms_master_key_id": "",
                    "sse_algorithm": "AES256"
                  }
                ],
                "bucket_key_enabled": false
              }
            ]
          },
          "sensitive_attributes": [],
          "private": "bnVsbA==",
          "dependencies": [
            "aws_s3_bucket.tool_outputs",
            "data.aws_caller_identity.current"
          ]
        }
      ]
    },
    {
      "mode": "managed",
      "type": "aws_s3_bucket_versioning",
      "name": "agent_artifacts",
      "provider": "provider[\"registry.terraform.io/hashicorp/aws\"]",
      "instances": [
        {
          "schema_version": 0,
          "attributes": {
            "bucket": "dev-security-agent-artifacts-650080740856",
            "expected_bucket_owner": "",
            "id": "dev-security-agent-artifacts-650080740856",
            "mfa": null,
            "versioning_configuration": [
              {
                "mfa_delete": "",
                "status": "Enabled"
              }
            ]
          },
          "sensitive_attributes": [],
          "private": "bnVsbA==",
          "dependencies": [
            "aws_s3_bucket.agent_artifacts",
            "data.aws_caller_identity.current"
          ]
        }
      ]
    },
    {
      "mode": "managed",
      "type": "aws_s3_bucket_versioning",
      "name": "code_repos",
      "provider": "provider[\"registry.terraform.io/hashicorp/aws\"]",
      "instances": [
        {
          "schema_version": 0,
          "attributes": {
            "bucket": "dev-security-code-repos-650080740856",
            "expected_bucket_owner": "",
            "id": "dev-security-code-repos-650080740856",
            "mfa": null,
            "versioning_configuration": [
              {
                "mfa_delete": "",
                "status": "Enabled"
              }
            ]
          },
          "sensitive_attributes": [],
          "private": "bnVsbA==",
          "dependencies": [
            "aws_s3_bucket.code_repos",
            "data.aws_caller_identity.current"
          ]
        }
      ]
    },
    {
      "mode": "managed",
      "type": "aws_s3_bucket_versioning",
      "name": "tool_outputs",
      "provider": "provider[\"registry.terraform.io/hashicorp/aws\"]",
      "instances": [
        {
          "schema_version": 0,
          "attributes": {
            "bucket": "dev-security-tool-outputs-650080740856",
            "expected_bucket_owner": "",
            "id": "dev-security-tool-outputs-650080740856",
            "mfa": null,
            "versioning_configuration": [
              {
                "mfa_delete": "",
                "status": "Enabled"
              }
            ]
          },
          "sensitive_attributes": [],
          "private": "bnVsbA==",
          "dependencies": [
            "aws_s3_bucket.tool_outputs",
            "data.aws_caller_identity.current"
          ]
        }
      ]
    },
    {
      "mode": "managed",
      "type": "aws_secretsmanager_secret",
      "name": "aurora_credentials",
      "provider": "provider[\"registry.terraform.io/hashicorp/aws\"]",
      "instances": [
        {
          "schema_version": 0,
          "attributes": {
            "arn": "arn:aws:secretsmanager:us-east-1:650080740856:secret:dev-aurora-credentials-bcAZk5",
            "description": "Aurora Postgres credentials for Security Orchestrator",
            "force_overwrite_replica_secret": false,
            "id": "arn:aws:secretsmanager:us-east-1:650080740856:secret:dev-aurora-credentials-bcAZk5",
            "kms_key_id": "",
            "name": "dev-aurora-credentials",
            "name_prefix": "",
            "policy": "",
            "recovery_window_in_days": 7,
            "replica": [],
            "tags": {},
            "tags_all": {
              "Environment": "dev",
              "ManagedBy": "Terraform",
              "Project": "SecurityOrchestrator"
            }
          },
          "sensitive_attributes": [],
          "private": "bnVsbA=="
        }
      ]
    },
    {
      "mode": "managed",
      "type": "aws_secretsmanager_secret_version",
      "name": "aurora_credentials",
      "provider": "provider[\"registry.terraform.io/hashicorp/aws\"]",
      "instances": [
        {
          "schema_version": 0,
          "attributes": {
            "arn": "arn:aws:secretsmanager:us-east-1:650080740856:secret:dev-aurora-credentials-bcAZk5",
            "has_secret_string_wo": null,
            "id": "arn:aws:secretsmanager:us-east-1:650080740856:secret:dev-aurora-credentials-bcAZk5|terraform-20260110233606834200000004",
            "secret_binary": "",
            "secret_id": "arn:aws:secretsmanager:us-east-1:650080740856:secret:dev-aurora-credentials-bcAZk5",
            "secret_string": "{\"dbname\":\"vulniq-db-de\",\"host\":\"vulniq-db-dev.ckz6aqg6853e.us-east-1.rds.amazonaws.com\",\"password\":\"jgk9nH4EWwhnatNQ31ss\",\"port\":5432,\"username\":\"postgres\"}",
            "secret_string_wo": null,
            "secret_string_wo_version": null,
            "version_id": "terraform-20260110233606834200000004",
            "version_stages": [
              "AWSCURRENT"
            ]
          },
          "sensitive_attributes": [
            [
              {
                "type": "get_attr",
                "value": "secret_string"
              }
            ]
          ],
          "private": "bnVsbA==",
          "dependencies": [
            "aws_secretsmanager_secret.aurora_credentials"
          ]
        }
      ]
    },
    {
      "mode": "managed",
      "type": "aws_security_group",
      "name": "pentester",
      "provider": "provider[\"registry.terraform.io/hashicorp/aws\"]",
      "instances": [
        {
          "index_key": 0,
          "schema_version": 1,
          "attributes": {
            "arn": "arn:aws:ec2:us-east-1:650080740856:security-group/sg-0ac653b5458e7f09d",
            "description": "Security group for pentester EC2 instance",
            "egress": [
              {
                "cidr_blocks": [
                  "0.0.0.0/0"
                ],
                "description": "Allow all outbound (Bedrock API, Nuclei DAST, tool updates)",
                "from_port": 0,
                "ipv6_cidr_blocks": [],
                "prefix_list_ids": [],
                "protocol": "-1",
                "security_groups": [],
                "self": false,
                "to_port": 0
              }
            ],
            "id": "sg-0ac653b5458e7f09d",
            "ingress": [],
            "name": "dev-pentester-sg",
            "name_prefix": "",
            "owner_id": "650080740856",
            "revoke_rules_on_delete": false,
            "tags": {
              "Name": "dev-pentester-sg"
            },
            "tags_all": {
              "Environment": "dev",
              "ManagedBy": "Terraform",
              "Name": "dev-pentester-sg",
              "Project": "SecurityOrchestrator"
            },
            "timeouts": null,
            "vpc_id": "vpc-0a9439d825e64aa17"
          },
          "sensitive_attributes": [],
          "private": "eyJlMmJmYjczMC1lY2FhLTExZTYtOGY4OC0zNDM2M2JjN2M0YzAiOnsiY3JlYXRlIjo2MDAwMDAwMDAwMDAsImRlbGV0ZSI6OTAwMDAwMDAwMDAwfSwic2NoZW1hX3ZlcnNpb24iOiIxIn0="
        }
      ]
    },
    {
      "mode": "managed",
      "type": "aws_sfn_state_machine",
      "name": "run_workflow",
      "provider": "provider[\"registry.terraform.io/hashicorp/aws\"]",
      "instances": [
        {
          "schema_version": 0,
          "attributes": {
            "arn": "arn:aws:states:us-east-1:650080740856:stateMachine:dev-run-workflow",
            "creation_date": "2026-01-10T13:59:29Z",
            "definition": "{\"Comment\":\"Security Assessment Run Workflow\",\"StartAt\":\"InitializeRun\",\"States\":{\"EmitRunFinished\":{\"Next\":\"Success\",\"Parameters\":{\"Entries\":[{\"Detail\":{\"runId.$\":\"$.runId\",\"status\":\"completed\"},\"DetailType\":\"run_finished\",\"EventBusName\":\"dev-security-orchestrator\",\"Source\":\"orchestrator\"}]},\"Resource\":\"arn:aws:states:::events:putEvents\",\"ResultPath\":null,\"Type\":\"Task\"},\"EmitRunStarted\":{\"Next\":\"ProcessUseCases\",\"Parameters\":{\"Entries\":[{\"Detail\":{\"runId.$\":\"$.runId\",\"totalUseCases.$\":\"$.runContext.useCaseCount\",\"userId.$\":\"$.userId\"},\"DetailType\":\"run_started\",\"EventBusName\":\"dev-security-orchestrator\",\"Source\":\"orchestrator\"}]},\"Resource\":\"arn:aws:states:::events:putEvents\",\"ResultPath\":null,\"Type\":\"Task\"},\"Fail\":{\"Type\":\"Fail\"},\"HandleError\":{\"Next\":\"Fail\",\"Parameters\":{\"Entries\":[{\"Detail\":{\"error.$\":\"$.error\",\"runId.$\":\"$.runId\"},\"DetailType\":\"run_failed\",\"EventBusName\":\"dev-security-orchestrator\",\"Source\":\"orchestrator\"}]},\"Resource\":\"arn:aws:states:::events:putEvents\",\"Type\":\"Task\"},\"InitializeRun\":{\"Catch\":[{\"ErrorEquals\":[\"States.ALL\"],\"Next\":\"HandleError\",\"ResultPath\":\"$.error\"}],\"Next\":\"EmitRunStarted\",\"Resource\":\"arn:aws:lambda:us-east-1:650080740856:function:dev-initialize-run\",\"ResultPath\":\"$.runContext\",\"Type\":\"Task\"},\"ProcessUseCases\":{\"ItemsPath\":\"$.runContext.useCases\",\"Iterator\":{\"StartAt\":\"EmitUseCaseStarted\",\"States\":{\"CheckImplementerEnabled\":{\"Choices\":[{\"BooleanEquals\":true,\"Next\":\"ExecuteImplementer\",\"Variable\":\"$$.Map.Item.Value.enableImplementer\"}],\"Default\":\"CheckTesterEnabled\",\"Type\":\"Choice\"},\"CheckTesterEnabled\":{\"Choices\":[{\"BooleanEquals\":true,\"Next\":\"ExecuteTester\",\"Variable\":\"$$.Map.Item.Value.enableTester\"}],\"Default\":\"ExecutePentester\",\"Type\":\"Choice\"},\"EmitUseCaseFinished\":{\"End\":true,\"Parameters\":{\"Entries\":[{\"Detail\":{\"runId.$\":\"$.runId\",\"status\":\"completed\",\"useCaseId.$\":\"$$.Map.Item.Value.id\"},\"DetailType\":\"usecase_finished\",\"EventBusName\":\"dev-security-orchestrator\",\"Source\":\"orchestrator\"}]},\"Resource\":\"arn:aws:states:::events:putEvents\",\"ResultPath\":null,\"Type\":\"Task\"},\"EmitUseCaseStarted\":{\"Next\":\"ExecuteReviewer\",\"Parameters\":{\"Entries\":[{\"Detail\":{\"runId.$\":\"$.runId\",\"useCaseId.$\":\"$$.Map.Item.Value.id\",\"useCaseName.$\":\"$$.Map.Item.Value.title\"},\"DetailType\":\"usecase_started\",\"EventBusName\":\"dev-security-orchestrator\",\"Source\":\"orchestrator\"}]},\"Resource\":\"arn:aws:states:::events:putEvents\",\"ResultPath\":null,\"Type\":\"Task\"},\"ExecuteImplementer\":{\"Next\":\"CheckTesterEnabled\",\"Parameters\":{\"reviewerOutput.$\":\"$.reviewerOutput\",\"runId.$\":\"$.runId\",\"useCase.$\":\"$$.Map.Item.Value\"},\"Resource\":\"arn:aws:lambda:us-east-1:650080740856:function:dev-agent-implementer\",\"ResultPath\":\"$.implementerOutput\",\"TimeoutSeconds\":900,\"Type\":\"Task\"},\"ExecutePentester\":{\"Catch\":[{\"ErrorEquals\":[\"States.ALL\"],\"Next\":\"ExecuteReporter\",\"ResultPath\":\"$.pentesterError\"}],\"Next\":\"ExecuteReporter\",\"Parameters\":{\"MessageBody\":{\"implementerOutput.$\":\"$.implementerOutput\",\"reviewerOutput.$\":\"$.reviewerOutput\",\"runId.$\":\"$.runId\",\"taskToken.$\":\"$$.Task.Token\",\"testerOutput.$\":\"$.testerOutput\",\"useCase.$\":\"$$.Map.Item.Value\"},\"QueueUrl\":\"https://sqs.us-east-1.amazonaws.com/650080740856/dev-pentester-scan-jobs\"},\"Resource\":\"arn:aws:states:::sqs:sendMessage.waitForTaskToken\",\"ResultPath\":\"$.pentesterOutput\",\"TimeoutSeconds\":3600,\"Type\":\"Task\"},\"ExecuteReporter\":{\"Next\":\"EmitUseCaseFinished\",\"Parameters\":{\"implementerOutput.$\":\"$.implementerOutput\",\"pentesterOutput.$\":\"$.pentesterOutput\",\"reviewerOutput.$\":\"$.reviewerOutput\",\"runId.$\":\"$.runId\",\"testerOutput.$\":\"$.testerOutput\",\"useCase.$\":\"$$.Map.Item.Value\"},\"Resource\":\"arn:aws:lambda:us-east-1:650080740856:function:dev-agent-reporter\",\"ResultPath\":\"$.reporterOutput\",\"TimeoutSeconds\":600,\"Type\":\"Task\"},\"ExecuteReviewer\":{\"Next\":\"CheckImplementerEnabled\",\"Parameters\":{\"runId.$\":\"$.runId\",\"useCase.$\":\"$$.Map.Item.Value\"},\"Resource\":\"arn:aws:lambda:us-east-1:650080740856:function:dev-agent-reviewer\",\"ResultPath\":\"$.reviewerOutput\",\"Retry\":[{\"BackoffRate\":2,\"ErrorEquals\":[\"States.TaskFailed\"],\"IntervalSeconds\":5,\"MaxAttempts\":2}],\"TimeoutSeconds\":900,\"Type\":\"Task\"},\"ExecuteTester\":{\"Next\":\"ExecutePentester\",\"Parameters\":{\"implementerOutput.$\":\"$.implementerOutput\",\"runId.$\":\"$.runId\",\"useCase.$\":\"$$.Map.Item.Value\"},\"Resource\":\"arn:aws:lambda:us-east-1:650080740856:function:dev-agent-tester\",\"ResultPath\":\"$.testerOutput\",\"TimeoutSeconds\":1800,\"Type\":\"Task\"}}},\"MaxConcurrency\":3,\"Next\":\"EmitRunFinished\",\"ResultPath\":\"$.useCaseResults\",\"Type\":\"Map\"},\"Success\":{\"Type\":\"Succeed\"}}}",
            "description": "",
            "encryption_configuration": [
              {
                "kms_data_key_reuse_period_seconds": 0,
                "kms_key_id": "",
                "type": "AWS_OWNED_KEY"
              }
            ],
            "id": "arn:aws:states:us-east-1:650080740856:stateMachine:dev-run-workflow",
            "logging_configuration": [
              {
                "include_execution_data": true,
                "level": "ALL",
                "log_destination": "arn:aws:logs:us-east-1:650080740856:log-group:/aws/vendedlogs/states/dev-run-workflow:*"
              }
            ],
            "name": "dev-run-workflow",
            "name_prefix": "",
            "publish": false,
            "revision_id": "a0e1ffc5-9a7a-4a08-b2e8-4a99c6a75230",
            "role_arn": "arn:aws:iam::650080740856:role/dev-step-functions-role",
            "state_machine_version_arn": "",
            "status": "ACTIVE",
            "tags": {
              "Name": "dev-run-workflow"
            },
            "tags_all": {
              "Environment": "dev",
              "ManagedBy": "Terraform",
              "Name": "dev-run-workflow",
              "Project": "SecurityOrchestrator"
            },
            "timeouts": null,
            "tracing_configuration": [
              {
                "enabled": false
              }
            ],
            "type": "STANDARD",
            "version_description": null
          },
          "sensitive_attributes": [],
          "private": "eyJlMmJmYjczMC1lY2FhLTExZTYtOGY4OC0zNDM2M2JjN2M0YzAiOnsiY3JlYXRlIjozMDAwMDAwMDAwMDAsImRlbGV0ZSI6MzAwMDAwMDAwMDAwLCJ1cGRhdGUiOjYwMDAwMDAwMDAwfX0=",
          "dependencies": [
            "aws_cloudwatch_event_bus.orchestrator",
            "aws_cloudwatch_log_group.step_functions",
            "aws_dynamodb_table.artifacts",
            "aws_dynamodb_table.runs",
            "aws_iam_role.agent_lambda",
            "aws_iam_role.step_functions",
            "aws_lambda_function.agent_implementer",
            "aws_lambda_function.agent_reporter",
            "aws_lambda_function.agent_reviewer",
            "aws_lambda_function.agent_tester",
            "aws_lambda_function.initialize_run",
            "aws_s3_bucket.agent_artifacts",
            "aws_s3_bucket.code_repos",
            "aws_s3_bucket.tool_outputs",
            "aws_secretsmanager_secret.aurora_credentials",
            "aws_sqs_queue.pentester_dlq",
            "aws_sqs_queue.pentester_jobs",
            "data.aws_caller_identity.current",
            "data.aws_s3_bucket.documents"
          ]
        }
      ]
    },
    {
      "mode": "managed",
      "type": "aws_sqs_queue",
      "name": "pentester_dlq",
      "provider": "provider[\"registry.terraform.io/hashicorp/aws\"]",
      "instances": [
        {
          "schema_version": 0,
          "attributes": {
            "arn": "arn:aws:sqs:us-east-1:650080740856:dev-pentester-scan-jobs-dlq",
            "content_based_deduplication": false,
            "deduplication_scope": "",
            "delay_seconds": 0,
            "fifo_queue": false,
            "fifo_throughput_limit": "",
            "id": "https://sqs.us-east-1.amazonaws.com/650080740856/dev-pentester-scan-jobs-dlq",
            "kms_data_key_reuse_period_seconds": 300,
            "kms_master_key_id": "",
            "max_message_size": 262144,
            "message_retention_seconds": 604800,
            "name": "dev-pentester-scan-jobs-dlq",
            "name_prefix": "",
            "policy": "",
            "receive_wait_time_seconds": 0,
            "redrive_allow_policy": "",
            "redrive_policy": "",
            "sqs_managed_sse_enabled": true,
            "tags": {
              "Name": "dev-pentester-dlq"
            },
            "tags_all": {
              "Environment": "dev",
              "ManagedBy": "Terraform",
              "Name": "dev-pentester-dlq",
              "Project": "SecurityOrchestrator"
            },
            "timeouts": null,
            "url": "https://sqs.us-east-1.amazonaws.com/650080740856/dev-pentester-scan-jobs-dlq",
            "visibility_timeout_seconds": 30
          },
          "sensitive_attributes": [],
          "private": "eyJlMmJmYjczMC1lY2FhLTExZTYtOGY4OC0zNDM2M2JjN2M0YzAiOnsiY3JlYXRlIjoxODAwMDAwMDAwMDAsImRlbGV0ZSI6MTgwMDAwMDAwMDAwLCJ1cGRhdGUiOjE4MDAwMDAwMDAwMH19"
        }
      ]
    },
    {
      "mode": "managed",
      "type": "aws_sqs_queue",
      "name": "pentester_jobs",
      "provider": "provider[\"registry.terraform.io/hashicorp/aws\"]",
      "instances": [
        {
          "schema_version": 0,
          "attributes": {
            "arn": "arn:aws:sqs:us-east-1:650080740856:dev-pentester-scan-jobs",
            "content_based_deduplication": false,
            "deduplication_scope": "",
            "delay_seconds": 0,
            "fifo_queue": false,
            "fifo_throughput_limit": "",
            "id": "https://sqs.us-east-1.amazonaws.com/650080740856/dev-pentester-scan-jobs",
            "kms_data_key_reuse_period_seconds": 300,
            "kms_master_key_id": "",
            "max_message_size": 262144,
            "message_retention_seconds": 86400,
            "name": "dev-pentester-scan-jobs",
            "name_prefix": "",
            "policy": "",
            "receive_wait_time_seconds": 20,
            "redrive_allow_policy": "",
            "redrive_policy": "{\"deadLetterTargetArn\":\"arn:aws:sqs:us-east-1:650080740856:dev-pentester-scan-jobs-dlq\",\"maxReceiveCount\":3}",
            "sqs_managed_sse_enabled": true,
            "tags": {
              "Name": "dev-pentester-scan-jobs"
            },
            "tags_all": {
              "Environment": "dev",
              "ManagedBy": "Terraform",
              "Name": "dev-pentester-scan-jobs",
              "Project": "SecurityOrchestrator"
            },
            "timeouts": null,
            "url": "https://sqs.us-east-1.amazonaws.com/650080740856/dev-pentester-scan-jobs",
            "visibility_timeout_seconds": 3600
          },
          "sensitive_attributes": [],
          "private": "eyJlMmJmYjczMC1lY2FhLTExZTYtOGY4OC0zNDM2M2JjN2M0YzAiOnsiY3JlYXRlIjoxODAwMDAwMDAwMDAsImRlbGV0ZSI6MTgwMDAwMDAwMDAwLCJ1cGRhdGUiOjE4MDAwMDAwMDAwMH19",
          "dependencies": [
            "aws_sqs_queue.pentester_dlq"
          ]
        }
      ]
    }
  ],
  "check_results": null
}
